<?xml version="1.0" encoding="utf-8"?>
<Project ToolsVersion="4.0" xmlns="http://schemas.microsoft.com/developer/msbuild/2003">
  <ItemGroup>
    <Filter Include="Source Files">
      <UniqueIdentifier>{4FC737F1-C7A5-4376-A066-2A32D752A2FF}</UniqueIdentifier>
      <Extensions>cpp;c;cc;cxx;c++;cppm;ixx;def;odl;idl;hpj;bat;asm;asmx</Extensions>
    </Filter>
    <Filter Include="Header Files">
      <UniqueIdentifier>{93995380-89BD-4b04-88EB-625FBE52EBFB}</UniqueIdentifier>
      <Extensions>h;hh;hpp;hxx;h++;hm;inl;inc;ipp;xsd</Extensions>
    </Filter>
    <Filter Include="Resource Files">
      <UniqueIdentifier>{67DA6AB6-F800-4c08-8B7A-83BB121AAD01}</UniqueIdentifier>
      <Extensions>rc;ico;cur;bmp;dlg;rc2;rct;bin;rgs;gif;jpg;jpeg;jpe;resx;tiff;tif;png;wav;mfcribbon-ms</Extensions>
    </Filter>
  </ItemGroup>
  <ItemGroup>
    <ClCompile Include="__SRC__\Main.cpp">
      <Filter>Source Files</Filter>
    </ClCompile>
    <ClCompile Include="__SRC__\Environment\EditorScene.cpp">
      <Filter>Source Files</Filter>
    </ClCompile>
    <ClCompile Include="__SRC__\Environment\JimaraEditor.cpp">
      <Filter>Source Files</Filter>
    </ClCompile>
    <ClCompile Include="__SRC__\Environment\JimaraEditorTypeRegistry.cpp">
      <Filter>Source Files</Filter>
    </ClCompile>
    <ClCompile Include="__SRC__\GUI\Backends\ImGuiGLFWContext.cpp">
      <Filter>Source Files</Filter>
    </ClCompile>
    <ClCompile Include="__SRC__\GUI\Backends\ImGuiVulkanContext.cpp">
      <Filter>Source Files</Filter>
    </ClCompile>
    <ClCompile Include="__SRC__\GUI\Backends\ImGuiVulkanRenderer.cpp">
      <Filter>Source Files</Filter>
    </ClCompile>
    <ClCompile Include="__SRC__\GUI\ImGuiContexts.cpp">
      <Filter>Source Files</Filter>
    </ClCompile>
    <ClCompile Include="__SRC__\GUI\ImGuiImplementation.cpp">
      <Filter>Source Files</Filter>
    </ClCompile>
    <ClCompile Include="__SRC__\GUI\ImGuiRenderer.cpp">
      <Filter>Source Files</Filter>
    </ClCompile>
    <ClCompile Include="__SRC__\EditorWindows\Scene\SceneHeirarchyView.cpp">
      <Filter>Source Files</Filter>
    </ClCompile>
    <ClCompile Include="__SRC__\EditorWindows\Scene\ComponentInspector.cpp">
      <Filter>Source Files</Filter>
    </ClCompile>
    <ClCompile Include="__SRC__\GUI\Utils\DrawSerializedObject.cpp">
      <Filter>Source Files</Filter>
    </ClCompile>
    <ClCompile Include="__SRC__\GUI\Utils\DrawTooltip.cpp">
      <Filter>Source Files</Filter>
    </ClCompile>
    <ClCompile Include="__SRC__\GUI\Utils\CustomSerializedObjectDrawers\ColorAttributeDrawer.cpp">
      <Filter>Source Files</Filter>
    </ClCompile>
    <ClCompile Include="__SRC__\GUI\Utils\CustomSerializedObjectDrawers\SliderAttributeDrawer.cpp">
      <Filter>Source Files</Filter>
    </ClCompile>
    <ClCompile Include="__SRC__\GUI\Utils\CustomSerializedObjectDrawers\EnumAttributeDrawer.cpp">
      <Filter>Source Files</Filter>
    </ClCompile>
    <ClCompile Include="__SRC__\GUI\Utils\DrawObjectPicker.cpp">
      <Filter>Source Files</Filter>
    </ClCompile>
    <ClCompile Include="__SRC__\EditorWindows\Scene\GameView.cpp">
      <Filter>Source Files</Filter>
    </ClCompile>
    <ClCompile Include="__SRC__\EditorWindows\Scene\SceneView.cpp">
      <Filter>Source Files</Filter>
    </ClCompile>
    <ClCompile Include="__SRC__\ActionManagement\UndoStack.cpp">
      <Filter>Source Files</Filter>
    </ClCompile>
    <ClCompile Include="__SRC__\ActionManagement\SceneUndoManager.cpp">
      <Filter>Source Files</Filter>
    </ClCompile>
    <ClCompile Include="__SRC__\EditorWindows\Settings\ImGuiStyleEditor.cpp">
      <Filter>Source Files</Filter>
    </ClCompile>
    <ClCompile Include="__SRC__\EditorWindows\Data\MaterialInspector.cpp">
      <Filter>Source Files</Filter>
    </ClCompile>
    <ClCompile Include="__SRC__\Environment\EditorStorage.cpp">
      <Filter>Source Files</Filter>
    </ClCompile>
    <ClCompile Include="__SRC__\ActionManagement\SceneSelection.cpp">
      <Filter>Source Files</Filter>
    </ClCompile>
    <ClCompile Include="__SRC__\Gizmos\Gizmo.cpp">
      <Filter>Source Files</Filter>
    </ClCompile>
    <ClCompile Include="__SRC__\Gizmos\GizmoScene.cpp">
      <Filter>Source Files</Filter>
    </ClCompile>
    <ClCompile Include="__SRC__\Gizmos\GizmoViewport.cpp">
      <Filter>Source Files</Filter>
    </ClCompile>
    <ClCompile Include="__SRC__\Gizmos\GizmoViewportHover.cpp">
      <Filter>Source Files</Filter>
    </ClCompile>
    <ClCompile Include="__SRC__\Gizmos\GizmoCreator.cpp">
      <Filter>Source Files</Filter>
    </ClCompile>
    <ClCompile Include="__SRC__\Gizmos\SceneNavigation\SceneViewNavigator.cpp">
      <Filter>Source Files</Filter>
    </ClCompile>
    <ClCompile Include="__SRC__\Gizmos\Handles\Handle.cpp">
      <Filter>Source Files</Filter>
    </ClCompile>
    <ClCompile Include="__SRC__\Gizmos\SceneNavigation\SceneViewSelection.cpp">
      <Filter>Source Files</Filter>
    </ClCompile>
    <ClCompile Include="__SRC__\Gizmos\ComponentGizmos\TransformGizmo.cpp">
      <Filter>Source Files</Filter>
    </ClCompile>
  </ItemGroup>
  <ItemGroup>
    <ClInclude Include="__SRC__\Environment\EditorScene.h">
      <Filter>Header Files</Filter>
    </ClInclude>
    <ClInclude Include="__SRC__\Environment\JimaraEditor.h">
      <Filter>Header Files</Filter>
    </ClInclude>
    <ClInclude Include="__SRC__\Environment\JimaraEditorTypeRegistry.h">
      <Filter>Header Files</Filter>
    </ClInclude>
    <ClInclude Include="__SRC__\GUI\Backends\ImGuiGLFWContext.h">
      <Filter>Header Files</Filter>
    </ClInclude>
    <ClInclude Include="__SRC__\GUI\Backends\ImGuiVulkanContext.h">
      <Filter>Header Files</Filter>
    </ClInclude>
    <ClInclude Include="__SRC__\GUI\Backends\ImGuiVulkanRenderer.h">
      <Filter>Header Files</Filter>
    </ClInclude>
    <ClInclude Include="__SRC__\GUI\ImGuiAPIContext.h">
      <Filter>Header Files</Filter>
    </ClInclude>
    <ClInclude Include="__SRC__\GUI\ImGuiDeviceContext.h">
      <Filter>Header Files</Filter>
    </ClInclude>
    <ClInclude Include="__SRC__\GUI\ImGuiRenderer.h">
      <Filter>Header Files</Filter>
    </ClInclude>
    <ClInclude Include="__SRC__\GUI\Backends\ImGuiWindowContext.h">
      <Filter>Header Files</Filter>
    </ClInclude>
    <ClInclude Include="__SRC__\EditorWindows\Scene\EditorSceneController.h">
      <Filter>Header Files</Filter>
    </ClInclude>
    <ClInclude Include="__SRC__\EditorWindows\Scene\SceneHeirarchyView.h">
      <Filter>Header Files</Filter>
    </ClInclude>
    <ClInclude Include="__SRC__\EditorWindows\EditorWindow.h">
      <Filter>Header Files</Filter>
    </ClInclude>
    <ClInclude Include="__SRC__\EditorWindows\Scene\ComponentInspector.h">
      <Filter>Header Files</Filter>
    </ClInclude>
    <ClInclude Include="__SRC__\GUI\Utils\DrawSerializedObject.h">
      <Filter>Header Files</Filter>
    </ClInclude>
    <ClInclude Include="__SRC__\GUI\Utils\DrawTooltip.h">
      <Filter>Header Files</Filter>
    </ClInclude>
    <ClInclude Include="__SRC__\GUI\Utils\CustomSerializedObjectDrawers\ColorAttributeDrawer.h">
      <Filter>Header Files</Filter>
    </ClInclude>
    <ClInclude Include="__SRC__\GUI\Utils\CustomSerializedObjectDrawers\SliderAttributeDrawer.h">
      <Filter>Header Files</Filter>
    </ClInclude>
    <ClInclude Include="__SRC__\GUI\Utils\CustomSerializedObjectDrawers\EnumAttributeDrawer.h">
      <Filter>Header Files</Filter>
    </ClInclude>
    <ClInclude Include="__SRC__\GUI\Utils\DrawMenuAction.h">
      <Filter>Header Files</Filter>
    </ClInclude>
    <ClInclude Include="__SRC__\GUI\Utils\DrawObjectPicker.h">
      <Filter>Header Files</Filter>
    </ClInclude>
    <ClInclude Include="__SRC__\EditorWindows\Scene\GameView.h">
      <Filter>Header Files</Filter>
    </ClInclude>
    <ClInclude Include="__SRC__\EditorWindows\Scene\SceneView.h">
      <Filter>Header Files</Filter>
    </ClInclude>
    <ClInclude Include="__SRC__\ActionManagement\UndoStack.h">
      <Filter>Header Files</Filter>
    </ClInclude>
    <ClInclude Include="__SRC__\ActionManagement\SceneUndoManager.h">
      <Filter>Header Files</Filter>
    </ClInclude>
    <ClInclude Include="__SRC__\EditorWindows\Settings\ImGuiStyleEditor.h">
      <Filter>Header Files</Filter>
    </ClInclude>
    <ClInclude Include="__SRC__\EditorWindows\Data\MaterialInspector.h">
      <Filter>Header Files</Filter>
    </ClInclude>
    <ClInclude Include="__SRC__\ActionManagement\HotKey.h">
      <Filter>Header Files</Filter>
    </ClInclude>
    <ClInclude Include="__SRC__\Environment\EditorInput.h">
      <Filter>Header Files</Filter>
    </ClInclude>
    <ClInclude Include="__SRC__\Environment\EditorStorage.h">
      <Filter>Header Files</Filter>
    </ClInclude>
    <ClInclude Include="__SRC__\ActionManagement\SceneSelection.h">
      <Filter>Header Files</Filter>
    </ClInclude>
    <ClInclude Include="__SRC__\Gizmos\Gizmo.h">
      <Filter>Header Files</Filter>
    </ClInclude>
    <ClInclude Include="__SRC__\Gizmos\GizmoScene.h">
      <Filter>Header Files</Filter>
    </ClInclude>
    <ClInclude Include="__SRC__\Gizmos\GizmoViewport.h">
      <Filter>Header Files</Filter>
    </ClInclude>
    <ClInclude Include="__SRC__\Gizmos\GizmoViewportHover.h">
      <Filter>Header Files</Filter>
    </ClInclude>
    <ClInclude Include="__SRC__\Gizmos\GizmoCreator.h">
      <Filter>Header Files</Filter>
    </ClInclude>
    <ClInclude Include="__SRC__\Gizmos\SceneNavigation\SceneViewNavigator.h">
      <Filter>Header Files</Filter>
    </ClInclude>
    <ClInclude Include="__SRC__\Gizmos\Handles\Handle.h">
      <Filter>Header Files</Filter>
    </ClInclude>
    <ClInclude Include="__SRC__\Gizmos\SceneNavigation\SceneViewSelection.h">
      <Filter>Header Files</Filter>
    </ClInclude>
    <ClInclude Include="__SRC__\Gizmos\ComponentGizmos\TransformGizmo.h">
      <Filter>Header Files</Filter>
    </ClInclude>
    <ClInclude Include="__SRC__\Gizmos\Handles\FreeMoveHandle.h">
      <Filter>Header Files</Filter>
    </ClInclude>
  </ItemGroup>
</Project>