
Microsoft Visual Studio Solution File, Format Version 12.00
# Visual Studio Version 16
VisualStudioVersion = 16.0.30804.86
MinimumVisualStudioVersion = 10.0.40219.1
Project("{8BC9CEB8-8B4A-11D0-8D11-00A0C91BC942}") = "Jimara", "Jimara\Jimara.vcxproj", "{FBAF5D7F-3D27-4A32-8DA8-E7075E6D4847}"
EndProject
Project("{8BC9CEB8-8B4A-11D0-8D11-00A0C91BC942}") = "Jimara-Test", "Jimara-Test\Jimara-Test.vcxproj", "{AA0415CD-6E1B-4ECB-A4DE-4E8AB3D48F3E}"
EndProject
Global
	GlobalSection(SolutionConfigurationPlatforms) = preSolution
		Debug|x64 = Debug|x64
		Debug|x86 = Debug|x86
		Release|x64 = Release|x64
		Release|x86 = Release|x86
	EndGlobalSection
	GlobalSection(ProjectConfigurationPlatforms) = postSolution
		{FBAF5D7F-3D27-4A32-8DA8-E7075E6D4847}.Debug|x64.ActiveCfg = Debug|x64
		{FBAF5D7F-3D27-4A32-8DA8-E7075E6D4847}.Debug|x64.Build.0 = Debug|x64
		{FBAF5D7F-3D27-4A32-8DA8-E7075E6D4847}.Debug|x86.ActiveCfg = Debug|Win32
		{FBAF5D7F-3D27-4A32-8DA8-E7075E6D4847}.Debug|x86.Build.0 = Debug|Win32
		{FBAF5D7F-3D27-4A32-8DA8-E7075E6D4847}.Release|x64.ActiveCfg = Release|x64
		{FBAF5D7F-3D27-4A32-8DA8-E7075E6D4847}.Release|x64.Build.0 = Release|x64
		{FBAF5D7F-3D27-4A32-8DA8-E7075E6D4847}.Release|x86.ActiveCfg = Release|Win32
		{FBAF5D7F-3D27-4A32-8DA8-E7075E6D4847}.Release|x86.Build.0 = Release|Win32
		{AA0415CD-6E1B-4ECB-A4DE-4E8AB3D48F3E}.Debug|x64.ActiveCfg = Debug|x64
		{AA0415CD-6E1B-4ECB-A4DE-4E8AB3D48F3E}.Debug|x64.Build.0 = Debug|x64
		{AA0415CD-6E1B-4ECB-A4DE-4E8AB3D48F3E}.Debug|x86.ActiveCfg = Debug|Win32
		{AA0415CD-6E1B-4ECB-A4DE-4E8AB3D48F3E}.Debug|x86.Build.0 = Debug|Win32
		{AA0415CD-6E1B-4ECB-A4DE-4E8AB3D48F3E}.Release|x64.ActiveCfg = Release|x64
		{AA0415CD-6E1B-4ECB-A4DE-4E8AB3D48F3E}.Release|x64.Build.0 = Release|x64
		{AA0415CD-6E1B-4ECB-A4DE-4E8AB3D48F3E}.Release|x86.ActiveCfg = Release|Win32
		{AA0415CD-6E1B-4ECB-A4DE-4E8AB3D48F3E}.Release|x86.Build.0 = Release|Win32
	EndGlobalSection
	GlobalSection(SolutionProperties) = preSolution
		HideSolutionNode = FALSE
	EndGlobalSection
	GlobalSection(ExtensibilityGlobals) = postSolution
		SolutionGuid = {C9253077-A57B-4438-AD7C-0C7417C8F310}
	EndGlobalSection
EndGlobal
