<?xml version="1.0" encoding="utf-8"?>
<Project ToolsVersion="4.0" xmlns="http://schemas.microsoft.com/developer/msbuild/2003">
  <ItemGroup>
    <Filter Include="Source Files">
      <UniqueIdentifier>{4FC737F1-C7A5-4376-A066-2A32D752A2FF}</UniqueIdentifier>
      <Extensions>cpp;c;cc;cxx;c++;cppm;ixx;def;odl;idl;hpj;bat;asm;asmx</Extensions>
    </Filter>
    <Filter Include="Header Files">
      <UniqueIdentifier>{93995380-89BD-4b04-88EB-625FBE52EBFB}</UniqueIdentifier>
      <Extensions>h;hh;hpp;hxx;h++;hm;inl;inc;ipp;xsd</Extensions>
    </Filter>
    <Filter Include="Resource Files">
      <UniqueIdentifier>{67DA6AB6-F800-4c08-8B7A-83BB121AAD01}</UniqueIdentifier>
      <Extensions>rc;ico;cur;bmp;dlg;rc2;rct;bin;rgs;gif;jpg;jpeg;jpe;resx;tiff;tif;png;wav;mfcribbon-ms</Extensions>
    </Filter>
  </ItemGroup>
  <ItemGroup>
    <ClCompile Include="__SRC__\Core\Object.cpp">
      <Filter>Source Files</Filter>
    </ClCompile>
    <ClCompile Include="__SRC__\Core\Synch\Semaphore.cpp">
      <Filter>Source Files</Filter>
    </ClCompile>
    <ClCompile Include="__SRC__\OS\Logging\Logger.cpp">
      <Filter>Source Files</Filter>
    </ClCompile>
    <ClCompile Include="__SRC__\OS\Logging\StreamLogger.cpp">
      <Filter>Source Files</Filter>
    </ClCompile>
    <ClCompile Include="__SRC__\OS\Window\Window.cpp">
      <Filter>Source Files</Filter>
    </ClCompile>
    <ClCompile Include="__SRC__\OS\Window\GLFW\GLFW_Window.cpp">
      <Filter>Source Files</Filter>
    </ClCompile>
    <ClCompile Include="__SRC__\Graphics\GraphicsInstance.cpp">
      <Filter>Source Files</Filter>
    </ClCompile>
    <ClCompile Include="__SRC__\Graphics\PhysicalDevice.cpp">
      <Filter>Source Files</Filter>
    </ClCompile>
    <ClCompile Include="__SRC__\Graphics\Vulkan\VulkanInstance.cpp">
      <Filter>Source Files</Filter>
    </ClCompile>
    <ClCompile Include="__SRC__\Graphics\Vulkan\VulkanPhysicalDevice.cpp">
      <Filter>Source Files</Filter>
    </ClCompile>
    <ClCompile Include="__SRC__\Application\AppInformation.cpp">
      <Filter>Source Files</Filter>
    </ClCompile>
    <ClCompile Include="__SRC__\Graphics\Vulkan\VulkanDevice.cpp">
      <Filter>Source Files</Filter>
    </ClCompile>
    <ClCompile Include="__SRC__\Graphics\GraphicsDevice.cpp">
      <Filter>Source Files</Filter>
    </ClCompile>
    <ClCompile Include="__SRC__\Graphics\Vulkan\Memory\VulkanMemory.cpp">
      <Filter>Source Files</Filter>
    </ClCompile>
    <ClCompile Include="__SRC__\Graphics\Vulkan\Rendering\VulkanRenderSurface.cpp">
      <Filter>Source Files</Filter>
    </ClCompile>
    <ClCompile Include="__SRC__\Graphics\Rendering\RenderSurface.cpp">
      <Filter>Source Files</Filter>
    </ClCompile>
    <ClCompile Include="__SRC__\Graphics\Vulkan\Rendering\VulkanSwapChain.cpp">
      <Filter>Source Files</Filter>
    </ClCompile>
    <ClCompile Include="__SRC__\Graphics\Vulkan\Rendering\VulkanSurfaceRenderEngine.cpp">
      <Filter>Source Files</Filter>
    </ClCompile>
    <ClCompile Include="__SRC__\Graphics\Vulkan\Pipeline\VulkanCommandPool.cpp">
      <Filter>Source Files</Filter>
    </ClCompile>
    <ClCompile Include="__SRC__\Graphics\Vulkan\Pipeline\VulkanFrameBuffer.cpp">
      <Filter>Source Files</Filter>
    </ClCompile>
    <ClCompile Include="__SRC__\Graphics\Vulkan\Pipeline\VulkanRenderPass.cpp">
      <Filter>Source Files</Filter>
    </ClCompile>
    <ClCompile Include="__SRC__\Graphics\Vulkan\Pipeline\VulkanShader.cpp">
      <Filter>Source Files</Filter>
    </ClCompile>
    <ClCompile Include="__SRC__\Graphics\Pipeline\Shader.cpp">
      <Filter>Source Files</Filter>
    </ClCompile>
    <ClCompile Include="__SRC__\Graphics\Vulkan\Pipeline\VulkanGraphicsPipeline.cpp">
      <Filter>Source Files</Filter>
    </ClCompile>
    <ClCompile Include="__SRC__\Graphics\Vulkan\Memory\Textures\VulkanImage.cpp">
      <Filter>Source Files</Filter>
    </ClCompile>
    <ClCompile Include="__SRC__\Graphics\Vulkan\Memory\Textures\VulkanTexture.cpp">
      <Filter>Source Files</Filter>
    </ClCompile>
    <ClCompile Include="__SRC__\Graphics\Vulkan\Memory\Textures\VulkanCpuWriteOnlyTexture.cpp">
      <Filter>Source Files</Filter>
    </ClCompile>
    <ClCompile Include="__SRC__\Graphics\Vulkan\Memory\Textures\VulkanTextureView.cpp">
      <Filter>Source Files</Filter>
    </ClCompile>
    <ClCompile Include="__SRC__\Graphics\Vulkan\Memory\Textures\VulkanTextureSampler.cpp">
      <Filter>Source Files</Filter>
    </ClCompile>
    <ClCompile Include="__SRC__\Graphics\Vulkan\Memory\Buffers\VulkanArrayBuffer.cpp">
      <Filter>Source Files</Filter>
    </ClCompile>
    <ClCompile Include="__SRC__\Graphics\Vulkan\Memory\Buffers\VulkanCpuWriteOnlyBuffer.cpp">
      <Filter>Source Files</Filter>
    </ClCompile>
    <ClCompile Include="__SRC__\Graphics\Vulkan\Memory\Buffers\VulkanConstantBuffer.cpp">
      <Filter>Source Files</Filter>
    </ClCompile>
    <ClCompile Include="__SRC__\Data\Mesh.cpp">
      <Filter>Source Files</Filter>
    </ClCompile>
    <ClCompile Include="__SRC__\Graphics\Memory\Texture.cpp">
      <Filter>Source Files</Filter>
    </ClCompile>
    <ClCompile Include="__SRC__\Graphics\Vulkan\Pipeline\VulkanDeviceQueue.cpp">
      <Filter>Source Files</Filter>
    </ClCompile>
    <ClCompile Include="__SRC__\Graphics\Vulkan\Pipeline\VulkanCommandBuffer.cpp">
      <Filter>Source Files</Filter>
    </ClCompile>
    <ClCompile Include="__SRC__\Graphics\Vulkan\Memory\VulkanOneTimeCommandBufferCache.cpp">
      <Filter>Source Files</Filter>
    </ClCompile>
    <ClCompile Include="__SRC__\Graphics\Data\GraphicsPipelineSet.cpp">
      <Filter>Source Files</Filter>
    </ClCompile>
    <ClCompile Include="__SRC__\Graphics\Data\GraphicsMesh.cpp">
      <Filter>Source Files</Filter>
    </ClCompile>
    <ClCompile Include="__SRC__\Components\Component.cpp">
      <Filter>Source Files</Filter>
    </ClCompile>
    <ClCompile Include="__SRC__\Components\Transform.cpp">
      <Filter>Source Files</Filter>
    </ClCompile>
    <ClCompile Include="__SRC__\Data\Material.cpp">
      <Filter>Source Files</Filter>
    </ClCompile>
    <ClCompile Include="__SRC__\Components\GraphicsObjects\MeshRenderer.cpp">
      <Filter>Source Files</Filter>
    </ClCompile>
    <ClCompile Include="__SRC__\Graphics\Vulkan\Pipeline\VulkanPipeline.cpp">
      <Filter>Source Files</Filter>
    </ClCompile>
    <ClCompile Include="__SRC__\Core\Collections\ThreadBlock.cpp">
      <Filter>Source Files</Filter>
    </ClCompile>
    <ClCompile Include="__SRC__\Physics\PhysicsInstance.cpp">
      <Filter>Source Files</Filter>
    </ClCompile>
    <ClCompile Include="__SRC__\Components\Lights\PointLight.cpp">
      <Filter>Source Files</Filter>
    </ClCompile>
    <ClCompile Include="__SRC__\Components\Lights\DirectionalLight.cpp">
      <Filter>Source Files</Filter>
    </ClCompile>
    <ClCompile Include="__SRC__\Environment\Rendering\SceneObjects\Lights\LightDataBuffer.cpp">
      <Filter>Source Files</Filter>
    </ClCompile>
    <ClCompile Include="__SRC__\Environment\Rendering\SceneObjects\Lights\SceneLightInfo.cpp">
      <Filter>Source Files</Filter>
    </ClCompile>
    <ClCompile Include="__SRC__\Environment\Rendering\SceneObjects\Lights\LightTypeIdBuffer.cpp">
      <Filter>Source Files</Filter>
    </ClCompile>
    <ClCompile Include="__SRC__\Graphics\Data\ShaderBinaries\SPIRV_Binary.cpp">
      <Filter>Source Files</Filter>
    </ClCompile>
    <ClCompile Include="__SRC__\Core\Systems\JobSystem.cpp">
      <Filter>Source Files</Filter>
    </ClCompile>
    <ClCompile Include="__SRC__\Graphics\Data\ShaderBinaries\ShaderResourceBindings.cpp">
      <Filter>Source Files</Filter>
    </ClCompile>
    <ClCompile Include="__SRC__\Graphics\Data\ShaderBinaries\ShaderClass.cpp">
      <Filter>Source Files</Filter>
    </ClCompile>
    <ClCompile Include="__SRC__\Environment\Rendering\LightingModels\GraphicsEnvironment.cpp">
      <Filter>Source Files</Filter>
    </ClCompile>
    <ClCompile Include="__SRC__\Graphics\Data\ShaderBinaries\ShaderSet.cpp">
      <Filter>Source Files</Filter>
    </ClCompile>
    <ClCompile Include="__SRC__\Components\Camera.cpp">
      <Filter>Source Files</Filter>
    </ClCompile>
    <ClCompile Include="__SRC__\Graphics\Data\ShaderBinaries\ShaderLoader.cpp">
      <Filter>Source Files</Filter>
    </ClCompile>
    <ClCompile Include="__SRC__\Environment\Rendering\LightingModels\ForwardRendering\ForwardLightingModel.cpp">
      <Filter>Source Files</Filter>
    </ClCompile>
    <ClCompile Include="__SRC__\OS\Window\GLFW\GLFW_Input.cpp">
      <Filter>Source Files</Filter>
    </ClCompile>
    <ClCompile Include="__SRC__\Physics\PhysX\PhysXInstance.cpp">
      <Filter>Source Files</Filter>
    </ClCompile>
    <ClCompile Include="__SRC__\Physics\PhysX\PhysXScene.cpp">
      <Filter>Source Files</Filter>
    </ClCompile>
    <ClCompile Include="__SRC__\Physics\PhysX\PhysXDynamicBody.cpp">
      <Filter>Source Files</Filter>
    </ClCompile>
    <ClCompile Include="__SRC__\Physics\PhysX\PhysXStaticBody.cpp">
      <Filter>Source Files</Filter>
    </ClCompile>
    <ClCompile Include="__SRC__\Physics\PhysX\PhysXBody.cpp">
      <Filter>Source Files</Filter>
    </ClCompile>
    <ClCompile Include="__SRC__\Physics\PhysX\PhysXMaterial.cpp">
      <Filter>Source Files</Filter>
    </ClCompile>
    <ClCompile Include="__SRC__\Components\Physics\SphereCollider.cpp">
      <Filter>Source Files</Filter>
    </ClCompile>
    <ClCompile Include="__SRC__\Components\Physics\Collider.cpp">
      <Filter>Source Files</Filter>
    </ClCompile>
    <ClCompile Include="__SRC__\Components\Physics\CapsuleCollider.cpp">
      <Filter>Source Files</Filter>
    </ClCompile>
    <ClCompile Include="__SRC__\Components\Physics\BoxCollider.cpp">
      <Filter>Source Files</Filter>
    </ClCompile>
    <ClCompile Include="__SRC__\Components\Physics\Rigidbody.cpp">
      <Filter>Source Files</Filter>
    </ClCompile>
    <ClCompile Include="__SRC__\Physics\PhysX\PhysXCollider.cpp">
      <Filter>Source Files</Filter>
    </ClCompile>
    <ClCompile Include="__SRC__\Core\Collections\ThreadPool.cpp">
      <Filter>Source Files</Filter>
    </ClCompile>
    <ClCompile Include="__SRC__\Physics\PhysX\PhysXMeshCollider.cpp">
      <Filter>Source Files</Filter>
    </ClCompile>
    <ClCompile Include="__SRC__\Components\Physics\MeshCollider.cpp">
      <Filter>Source Files</Filter>
    </ClCompile>
    <ClCompile Include="__SRC__\Audio\OpenAL\OpenALDevice.cpp">
      <Filter>Source Files</Filter>
    </ClCompile>
    <ClCompile Include="__SRC__\Audio\OpenAL\OpenALInstance.cpp">
      <Filter>Source Files</Filter>
    </ClCompile>
    <ClCompile Include="__SRC__\Audio\OpenAL\OpenALScene.cpp">
      <Filter>Source Files</Filter>
    </ClCompile>
    <ClCompile Include="__SRC__\Audio\AudioInstance.cpp">
      <Filter>Source Files</Filter>
    </ClCompile>
    <ClCompile Include="__SRC__\Audio\Buffers\SineBuffer.cpp">
      <Filter>Source Files</Filter>
    </ClCompile>
    <ClCompile Include="__SRC__\Audio\OpenAL\OpenALClip.cpp">
      <Filter>Source Files</Filter>
    </ClCompile>
    <ClCompile Include="__SRC__\Audio\OpenAL\OpenALListener.cpp">
      <Filter>Source Files</Filter>
    </ClCompile>
    <ClCompile Include="__SRC__\Audio\OpenAL\OpenALSource.cpp">
      <Filter>Source Files</Filter>
    </ClCompile>
    <ClCompile Include="__SRC__\Audio\OpenAL\OpenALContext.cpp">
      <Filter>Source Files</Filter>
    </ClCompile>
    <ClCompile Include="__SRC__\Components\Audio\AudioListener.cpp">
      <Filter>Source Files</Filter>
    </ClCompile>
    <ClCompile Include="__SRC__\Components\Audio\AudioSource.cpp">
      <Filter>Source Files</Filter>
    </ClCompile>
    <ClCompile Include="__SRC__\OS\IO\MMappedFile.cpp">
      <Filter>Source Files</Filter>
    </ClCompile>
    <ClCompile Include="__SRC__\Audio\Buffers\WaveBuffer.cpp">
      <Filter>Source Files</Filter>
    </ClCompile>
    <ClCompile Include="__SRC__\Core\TypeRegistration\BuiltInTypeRegistrator.cpp">
      <Filter>Source Files</Filter>
    </ClCompile>
    <ClCompile Include="__SRC__\Graphics\Vulkan\Pipeline\VulkanComputePipeline.cpp">
      <Filter>Source Files</Filter>
    </ClCompile>
    <ClCompile Include="__SRC__\Data\Formats\FBX\FBXContent.cpp">
      <Filter>Source Files</Filter>
    </ClCompile>
    <ClCompile Include="__SRC__\Data\Formats\FBX\FBXData.cpp">
      <Filter>Source Files</Filter>
    </ClCompile>
    <ClCompile Include="__SRC__\Data\Formats\WavefrontOBJ.cpp">
      <Filter>Source Files</Filter>
    </ClCompile>
    <ClCompile Include="__SRC__\Data\Formats\FBX\FBXMeshExtractor.cpp">
      <Filter>Source Files</Filter>
    </ClCompile>
    <ClCompile Include="__SRC__\Data\Generators\MeshGenerator.cpp">
      <Filter>Source Files</Filter>
    </ClCompile>
    <ClCompile Include="__SRC__\Components\GraphicsObjects\SkinnedMeshRenderer.cpp">
      <Filter>Source Files</Filter>
    </ClCompile>
    <ClCompile Include="__SRC__\Components\GraphicsObjects\TriMeshRenderer.cpp">
      <Filter>Source Files</Filter>
    </ClCompile>
    <ClCompile Include="__SRC__\Data\Formats\FBX\FBXObjectIndex.cpp">
      <Filter>Source Files</Filter>
    </ClCompile>
    <ClCompile Include="__SRC__\Data\Formats\FBX\FBXSkinDataExtractor.cpp">
      <Filter>Source Files</Filter>
    </ClCompile>
    <ClCompile Include="__SRC__\Data\Formats\FBX\FBXAnimationExtractor.cpp">
      <Filter>Source Files</Filter>
    </ClCompile>
    <ClCompile Include="__SRC__\Data\Animation.cpp">
      <Filter>Source Files</Filter>
    </ClCompile>
    <ClCompile Include="__SRC__\Components\Animation\Animator.cpp">
      <Filter>Source Files</Filter>
    </ClCompile>
    <ClCompile Include="__SRC__\Math\Random.cpp">
      <Filter>Source Files</Filter>
    </ClCompile>
    <ClCompile Include="__SRC__\Data\GUID.cpp">
      <Filter>Source Files</Filter>
    </ClCompile>
    <ClCompile Include="__SRC__\Data\AssetDatabase\AssetDatabase.cpp">
      <Filter>Source Files</Filter>
    </ClCompile>
    <ClCompile Include="__SRC__\Data\AssetDatabase\FileSystemDatabase\FileSystemDatabase.cpp">
      <Filter>Source Files</Filter>
    </ClCompile>
    <ClCompile Include="__SRC__\Core\Helpers.cpp">
      <Filter>Source Files</Filter>
    </ClCompile>
    <ClCompile Include="__SRC__\OS\IO\DirectoryChangeObserver.cpp">
      <Filter>Source Files</Filter>
    </ClCompile>
    <ClCompile Include="__SRC__\Data\Formats\FBX\FBXAssetImporter.cpp">
      <Filter>Source Files</Filter>
    </ClCompile>
    <ClCompile Include="__SRC__\Data\Serialization\Helpers\SerializeToJson.cpp">
      <Filter>Source Files</Filter>
    </ClCompile>
    <ClCompile Include="__SRC__\Data\Formats\ImageAssetImporter.cpp">
      <Filter>Source Files</Filter>
    </ClCompile>
    <ClCompile Include="__SRC__\Data\Formats\AudioAssetImporter.cpp">
      <Filter>Source Files</Filter>
    </ClCompile>
    <ClCompile Include="__SRC__\Environment\Scene\Scene.cpp">
      <Filter>Source Files</Filter>
    </ClCompile>
    <ClCompile Include="__SRC__\Environment\Scene\Logic\LogicContext.cpp">
      <Filter>Source Files</Filter>
    </ClCompile>
    <ClCompile Include="__SRC__\Environment\Scene\Audio\AudioContext.cpp">
      <Filter>Source Files</Filter>
    </ClCompile>
    <ClCompile Include="__SRC__\Environment\Scene\Graphics\GraphicsContext.cpp">
      <Filter>Source Files</Filter>
    </ClCompile>
    <ClCompile Include="__SRC__\Environment\Scene\Physics\PhysicsContext.cpp">
      <Filter>Source Files</Filter>
    </ClCompile>
    <ClCompile Include="__SRC__\Environment\Scene\SceneObjectCollection.cpp">
      <Filter>Source Files</Filter>
    </ClCompile>
    <ClCompile Include="__SRC__\Environment\Scene\SceneUpdateLoop.cpp">
      <Filter>Source Files</Filter>
    </ClCompile>
    <ClCompile Include="__SRC__\Data\Materials\SampleDiffuse\SampleDiffuseShader.cpp">
      <Filter>Source Files</Filter>
    </ClCompile>
    <ClCompile Include="__SRC__\Environment\Rendering\LightingModels\ObjectIdRenderer\ObjectIdRenderer.cpp">
      <Filter>Source Files</Filter>
    </ClCompile>
    <ClCompile Include="__SRC__\Environment\Rendering\LightingModels\ObjectIdRenderer\ViewportObjectQuery.cpp">
      <Filter>Source Files</Filter>
    </ClCompile>
    <ClCompile Include="__SRC__\Data\Serialization\Helpers\ComponentHeirarchySerializer.cpp">
      <Filter>Source Files</Filter>
    </ClCompile>
    <ClCompile Include="__SRC__\OS\IO\FileDialogues.cpp">
      <Filter>Source Files</Filter>
    </ClCompile>
    <ClCompile Include="__SRC__\Data\Formats\SceneFileAsset.cpp">
      <Filter>Source Files</Filter>
    </ClCompile>
    <ClCompile Include="__SRC__\Physics\CollisionMesh.cpp">
      <Filter>Source Files</Filter>
    </ClCompile>
    <ClCompile Include="__SRC__\Physics\PhysX\PhysXCollisionMesh.cpp">
      <Filter>Source Files</Filter>
    </ClCompile>
    <ClCompile Include="__SRC__\Data\Formats\MaterialFileAsset.cpp">
      <Filter>Source Files</Filter>
    </ClCompile>
    <ClCompile Include="__SRC__\Data\Generators\MeshModifiers.cpp">
      <Filter>Source Files</Filter>
    </ClCompile>
    <ClCompile Include="__SRC__\Data\Generators\MeshFromSpline.cpp">
      <Filter>Source Files</Filter>
    </ClCompile>
    <ClCompile Include="__SRC__\Environment\Rendering\RenderStack.cpp">
      <Filter>Source Files</Filter>
    </ClCompile>
    <ClCompile Include="__SRC__\Environment\Rendering\RenderImages.cpp">
      <Filter>Source Files</Filter>
    </ClCompile>
    <ClCompile Include="__SRC__\Data\Generators\MeshConstants.cpp">
      <Filter>Source Files</Filter>
    </ClCompile>
    <ClCompile Include="__SRC__\OS\IO\Clipboard.cpp">
      <Filter>Source Files</Filter>
    </ClCompile>
    <ClCompile Include="__SRC__\OS\System\DynamicLibrary.cpp">
      <Filter>Source Files</Filter>
    </ClCompile>
    <ClCompile Include="__SRC__\Physics\PhysicsBody.cpp">
      <Filter>Source Files</Filter>
    </ClCompile>
    <ClCompile Include="__SRC__\OS\Input\Input.cpp">
      <Filter>Source Files</Filter>
    </ClCompile>
    <ClCompile Include="__SRC__\Components\Level\Subscene.cpp">
      <Filter>Source Files</Filter>
    </ClCompile>
    <ClCompile Include="__SRC__\Environment\Layers.cpp">
      <Filter>Source Files</Filter>
    </ClCompile>
    <ClCompile Include="__SRC__\Graphics\Vulkan\Pipeline\VulkanBindlessSet.cpp">
      <Filter>Source Files</Filter>
    </ClCompile>
    <ClCompile Include="__SRC__\Components\Lights\SpotLight.cpp">
      <Filter>Source Files</Filter>
    </ClCompile>
    <ClCompile Include="__SRC__\Environment\Rendering\LightingModels\DepthOnlyRenderer\DepthOnlyRenderer.cpp">
      <Filter>Source Files</Filter>
    </ClCompile>
    <ClCompile Include="__SRC__\Environment\Rendering\Shadows\VarianceShadowMapper\VarianceShadowMapper.cpp">
      <Filter>Source Files</Filter>
    </ClCompile>
    <ClCompile Include="__SRC__\Environment\Rendering\LightingModels\LightingModelPipelines.cpp">
      <Filter>Source Files</Filter>
    </ClCompile>
    <ClCompile Include="__SRC__\Environment\Rendering\LightingModels\DepthOnlyRenderer\DualParaboloidDepthRenderer.cpp">
      <Filter>Source Files</Filter>
    </ClCompile>
    <ClCompile Include="__SRC__\Environment\Rendering\TransientImage.cpp">
      <Filter>Source Files</Filter>
    </ClCompile>
    <ClCompile Include="__SRC__\Environment\Rendering\SceneObjects\Lights\ViewportLightSet.cpp">
      <Filter>Source Files</Filter>
    </ClCompile>
    <ClCompile Include="__SRC__\Environment\Rendering\PostFX\Bloom\BloomKernel.cpp">
      <Filter>Source Files</Filter>
    </ClCompile>
    <ClCompile Include="__SRC__\Components\PostFX\BloomEffect.cpp">
      <Filter>Source Files</Filter>
    </ClCompile>
    <ClCompile Include="__SRC__\Environment\Rendering\Particles\ParticleBuffers.cpp">
      <Filter>Source Files</Filter>
    </ClCompile>
    <ClCompile Include="__SRC__\Environment\GraphicsSimulation\GraphicsSimulation.cpp">
      <Filter>Source Files</Filter>
    </ClCompile>
    <ClCompile Include="__SRC__\Components\GraphicsObjects\ParticleRenderer.cpp">
      <Filter>Source Files</Filter>
    </ClCompile>
    <ClCompile Include="__SRC__\Environment\Rendering\Particles\ParticleState.cpp">
      <Filter>Source Files</Filter>
    </ClCompile>
    <ClCompile Include="__SRC__\Environment\Rendering\Algorithms\BitonicSort\BitonicSortKernel.cpp">
      <Filter>Source Files</Filter>
    </ClCompile>
    <ClCompile Include="__SRC__\Environment\Rendering\Algorithms\Random\GraphicsRNG.cpp">
      <Filter>Source Files</Filter>
    </ClCompile>
    <ClCompile Include="__SRC__\Environment\Rendering\Particles\CoreSteps\InstanceBufferGenerator\InstanceBufferGenerator.cpp">
      <Filter>Source Files</Filter>
    </ClCompile>
    <ClCompile Include="__SRC__\Environment\Rendering\Particles\CoreSteps\SimulationStep\ParticleSimulationStepKernel.cpp">
      <Filter>Source Files</Filter>
    </ClCompile>
    <ClCompile Include="__SRC__\Environment\Rendering\Algorithms\SegmentTree\SegmentTreeGenerationKernel.cpp">
      <Filter>Source Files</Filter>
    </ClCompile>
    <ClCompile Include="__SRC__\Environment\Rendering\Particles\CoreSteps\WrangleStep\ParticleWrangleStepKernel.cpp">
      <Filter>Source Files</Filter>
    </ClCompile>
    <ClCompile Include="__SRC__\Environment\Rendering\Particles\ParticleKernels.cpp">
      <Filter>Source Files</Filter>
    </ClCompile>
    <ClCompile Include="__SRC__\Environment\Rendering\Particles\CoreSteps\InitializationStep\ParticleInitializationStepKernel.cpp">
      <Filter>Source Files</Filter>
    </ClCompile>
    <ClCompile Include="__SRC__\Environment\Rendering\Particles\InitializationTasks\PlaceInSphere\PlaceInSphere.cpp">
      <Filter>Source Files</Filter>
    </ClCompile>
    <ClCompile Include="__SRC__\Environment\Rendering\Particles\CombinedParticleKernel.cpp">
      <Filter>Source Files</Filter>
    </ClCompile>
    <ClCompile Include="__SRC__\Environment\Rendering\Particles\InitializationTasks\SetRandomVelocity\SetRandomVelocity.cpp">
      <Filter>Source Files</Filter>
    </ClCompile>
    <ClCompile Include="__SRC__\Environment\Rendering\Particles\TimestepTasks\ApplyGravity\ApplyGravity.cpp">
      <Filter>Source Files</Filter>
    </ClCompile>
    <ClCompile Include="__SRC__\Environment\Rendering\Particles\InitializationTasks\SetRandomScale\SetRandomScale.cpp">
      <Filter>Source Files</Filter>
    </ClCompile>
    <ClCompile Include="__SRC__\Environment\Rendering\Particles\InitializationTasks\SetRandomLifetime\SetRandomLifetime.cpp">
      <Filter>Source Files</Filter>
    </ClCompile>
    <ClCompile Include="__SRC__\Environment\Rendering\SceneObjects\Objects\ViewportGraphicsObjectSet.cpp">
      <Filter>Source Files</Filter>
    </ClCompile>
    <ClCompile Include="__SRC__\Data\Materials\SampleParticle\SampleParticleShader.cpp">
      <Filter>Source Files</Filter>
    </ClCompile>
    <ClCompile Include="__SRC__\Environment\Rendering\Particles\TimestepTasks\SizeOverLifetime\SizeOverLifetime.cpp">
      <Filter>Source Files</Filter>
    </ClCompile>
    <ClCompile Include="__SRC__\Environment\Rendering\Particles\TimestepTasks\ColorOverLifetime\ColorOverLifetime.cpp">
      <Filter>Source Files</Filter>
    </ClCompile>
    <ClCompile Include="__SRC__\Components\UI\Canvas.cpp">
      <Filter>Source Files</Filter>
    </ClCompile>
    <ClCompile Include="__SRC__\Components\UI\UITransform.cpp">
      <Filter>Source Files</Filter>
    </ClCompile>
    <ClCompile Include="__SRC__\Components\UI\UIImage.cpp">
      <Filter>Source Files</Filter>
    </ClCompile>
    <ClCompile Include="__SRC__\Components\UI\UIText.cpp">
      <Filter>Source Files</Filter>
    </ClCompile>
    <ClCompile Include="__SRC__\Environment\Rendering\LightingModels\UnlitRendering\CanvasRenderer.cpp">
      <Filter>Source Files</Filter>
    </ClCompile>
    <ClCompile Include="__SRC__\Data\Materials\SampleUI\SampleUIShader.cpp">
      <Filter>Source Files</Filter>
    </ClCompile>
    <ClCompile Include="__SRC__\Environment\Rendering\Helpers\ImageOverlay\ImageOverlayRenderer.cpp">
      <Filter>Source Files</Filter>
    </ClCompile>
  </ItemGroup>
  <ItemGroup>
    <ClInclude Include="__SRC__\Core\Object.h">
      <Filter>Header Files</Filter>
    </ClInclude>
    <ClInclude Include="__SRC__\Core\Reference.h">
      <Filter>Header Files</Filter>
    </ClInclude>
    <ClInclude Include="__SRC__\Core\Systems\Event.h">
      <Filter>Header Files</Filter>
    </ClInclude>
    <ClInclude Include="__SRC__\Core\Function.h">
      <Filter>Header Files</Filter>
    </ClInclude>
    <ClInclude Include="__SRC__\Core\Synch\Semaphore.h">
      <Filter>Header Files</Filter>
    </ClInclude>
    <ClInclude Include="__SRC__\OS\Logging\Logger.h">
      <Filter>Header Files</Filter>
    </ClInclude>
    <ClInclude Include="__SRC__\OS\Logging\StreamLogger.h">
      <Filter>Header Files</Filter>
    </ClInclude>
    <ClInclude Include="__SRC__\OS\Window\Window.h">
      <Filter>Header Files</Filter>
    </ClInclude>
    <ClInclude Include="__SRC__\OS\Window\GLFW\GLFW_Window.h">
      <Filter>Header Files</Filter>
    </ClInclude>
    <ClInclude Include="__SRC__\Core\Stopwatch.h">
      <Filter>Header Files</Filter>
    </ClInclude>
    <ClInclude Include="__SRC__\Graphics\GraphicsInstance.h">
      <Filter>Header Files</Filter>
    </ClInclude>
    <ClInclude Include="__SRC__\Graphics\PhysicalDevice.h">
      <Filter>Header Files</Filter>
    </ClInclude>
    <ClInclude Include="__SRC__\Graphics\Vulkan\VulkanAPIIncludes.h">
      <Filter>Header Files</Filter>
    </ClInclude>
    <ClInclude Include="__SRC__\Graphics\Vulkan\VulkanInstance.h">
      <Filter>Header Files</Filter>
    </ClInclude>
    <ClInclude Include="__SRC__\Graphics\Vulkan\VulkanPhysicalDevice.h">
      <Filter>Header Files</Filter>
    </ClInclude>
    <ClInclude Include="__SRC__\Application\AppVersion.h">
      <Filter>Header Files</Filter>
    </ClInclude>
    <ClInclude Include="__SRC__\Application\AppInformation.h">
      <Filter>Header Files</Filter>
    </ClInclude>
    <ClInclude Include="__SRC__\Graphics\Vulkan\VulkanDevice.h">
      <Filter>Header Files</Filter>
    </ClInclude>
    <ClInclude Include="__SRC__\Graphics\GraphicsDevice.h">
      <Filter>Header Files</Filter>
    </ClInclude>
    <ClInclude Include="__SRC__\Graphics\Vulkan\Memory\VulkanMemory.h">
      <Filter>Header Files</Filter>
    </ClInclude>
    <ClInclude Include="__SRC__\Graphics\Memory\Buffers.h">
      <Filter>Header Files</Filter>
    </ClInclude>
    <ClInclude Include="__SRC__\Graphics\Rendering\RenderSurface.h">
      <Filter>Header Files</Filter>
    </ClInclude>
    <ClInclude Include="__SRC__\Graphics\Rendering\RenderEngine.h">
      <Filter>Header Files</Filter>
    </ClInclude>
    <ClInclude Include="__SRC__\Graphics\Vulkan\Rendering\VulkanRenderSurface.h">
      <Filter>Header Files</Filter>
    </ClInclude>
    <ClInclude Include="__SRC__\Graphics\Vulkan\Rendering\VulkanSwapChain.h">
      <Filter>Header Files</Filter>
    </ClInclude>
    <ClInclude Include="__SRC__\Graphics\Memory\Texture.h">
      <Filter>Header Files</Filter>
    </ClInclude>
    <ClInclude Include="__SRC__\Graphics\Vulkan\Rendering\VulkanSurfaceRenderEngine.h">
      <Filter>Header Files</Filter>
    </ClInclude>
    <ClInclude Include="__SRC__\Graphics\Vulkan\Synch\VulkanSemaphore.h">
      <Filter>Header Files</Filter>
    </ClInclude>
    <ClInclude Include="__SRC__\Graphics\Vulkan\Synch\VulkanFence.h">
      <Filter>Header Files</Filter>
    </ClInclude>
    <ClInclude Include="__SRC__\Graphics\Vulkan\Pipeline\VulkanCommandPool.h">
      <Filter>Header Files</Filter>
    </ClInclude>
    <ClInclude Include="__SRC__\Graphics\Vulkan\Pipeline\VulkanFrameBuffer.h">
      <Filter>Header Files</Filter>
    </ClInclude>
    <ClInclude Include="__SRC__\Graphics\Vulkan\Pipeline\VulkanRenderPass.h">
      <Filter>Header Files</Filter>
    </ClInclude>
    <ClInclude Include="__SRC__\Graphics\Vulkan\Rendering\VulkanRenderEngine.h">
      <Filter>Header Files</Filter>
    </ClInclude>
    <ClInclude Include="__SRC__\Graphics\Vulkan\Pipeline\VulkanShader.h">
      <Filter>Header Files</Filter>
    </ClInclude>
    <ClInclude Include="__SRC__\Graphics\Pipeline\Shader.h">
      <Filter>Header Files</Filter>
    </ClInclude>
    <ClInclude Include="__SRC__\Graphics\Pipeline\GraphicsPipeline.h">
      <Filter>Header Files</Filter>
    </ClInclude>
    <ClInclude Include="__SRC__\Graphics\Vulkan\Pipeline\VulkanGraphicsPipeline.h">
      <Filter>Header Files</Filter>
    </ClInclude>
    <ClInclude Include="__SRC__\Math\Math.h">
      <Filter>Header Files</Filter>
    </ClInclude>
    <ClInclude Include="__SRC__\Graphics\Pipeline\Pipeline.h">
      <Filter>Header Files</Filter>
    </ClInclude>
    <ClInclude Include="__SRC__\Graphics\Vulkan\Pipeline\VulkanPipeline.h">
      <Filter>Header Files</Filter>
    </ClInclude>
    <ClInclude Include="__SRC__\Graphics\Vulkan\Memory\Textures\VulkanImage.h">
      <Filter>Header Files</Filter>
    </ClInclude>
    <ClInclude Include="__SRC__\Graphics\Vulkan\Memory\Textures\VulkanTexture.h">
      <Filter>Header Files</Filter>
    </ClInclude>
    <ClInclude Include="__SRC__\Graphics\Vulkan\Memory\Textures\VulkanCpuWriteOnlyTexture.h">
      <Filter>Header Files</Filter>
    </ClInclude>
    <ClInclude Include="__SRC__\Graphics\Vulkan\Memory\Textures\VulkanTextureView.h">
      <Filter>Header Files</Filter>
    </ClInclude>
    <ClInclude Include="__SRC__\Graphics\Vulkan\Memory\Textures\VulkanTextureSampler.h">
      <Filter>Header Files</Filter>
    </ClInclude>
    <ClInclude Include="__SRC__\Graphics\Vulkan\Memory\Buffers\VulkanArrayBuffer.h">
      <Filter>Header Files</Filter>
    </ClInclude>
    <ClInclude Include="__SRC__\Graphics\Vulkan\Memory\Buffers\VulkanCpuWriteOnlyBuffer.h">
      <Filter>Header Files</Filter>
    </ClInclude>
    <ClInclude Include="__SRC__\Graphics\Vulkan\Memory\Buffers\VulkanConstantBuffer.h">
      <Filter>Header Files</Filter>
    </ClInclude>
    <ClInclude Include="__SRC__\Data\Mesh.h">
      <Filter>Header Files</Filter>
    </ClInclude>
    <ClInclude Include="__SRC__\Graphics\Pipeline\DeviceQueue.h">
      <Filter>Header Files</Filter>
    </ClInclude>
    <ClInclude Include="__SRC__\Graphics\Pipeline\CommandBuffer.h">
      <Filter>Header Files</Filter>
    </ClInclude>
    <ClInclude Include="__SRC__\Graphics\Vulkan\Pipeline\VulkanDeviceQueue.h">
      <Filter>Header Files</Filter>
    </ClInclude>
    <ClInclude Include="__SRC__\Graphics\Vulkan\Synch\VulkanTimelineSemaphore.h">
      <Filter>Header Files</Filter>
    </ClInclude>
    <ClInclude Include="__SRC__\Graphics\Vulkan\Pipeline\VulkanCommandBuffer.h">
      <Filter>Header Files</Filter>
    </ClInclude>
    <ClInclude Include="__SRC__\Graphics\Vulkan\Memory\VulkanOneTimeCommandBufferCache.h">
      <Filter>Header Files</Filter>
    </ClInclude>
    <ClInclude Include="__SRC__\Graphics\Pipeline\RenderPass.h">
      <Filter>Header Files</Filter>
    </ClInclude>
    <ClInclude Include="__SRC__\Graphics\Pipeline\FrameBuffer.h">
      <Filter>Header Files</Filter>
    </ClInclude>
    <ClInclude Include="__SRC__\Core\Collections\ObjectCache.h">
      <Filter>Header Files</Filter>
    </ClInclude>
    <ClInclude Include="__SRC__\Graphics\Data\GraphicsPipelineSet.h">
      <Filter>Header Files</Filter>
    </ClInclude>
    <ClInclude Include="__SRC__\Graphics\Data\GraphicsMesh.h">
      <Filter>Header Files</Filter>
    </ClInclude>
    <ClInclude Include="__SRC__\Components\Component.h">
      <Filter>Header Files</Filter>
    </ClInclude>
    <ClInclude Include="__SRC__\Components\Transform.h">
      <Filter>Header Files</Filter>
    </ClInclude>
    <ClInclude Include="__SRC__\Data\Material.h">
      <Filter>Header Files</Filter>
    </ClInclude>
    <ClInclude Include="__SRC__\Components\GraphicsObjects\MeshRenderer.h">
      <Filter>Header Files</Filter>
    </ClInclude>
    <ClInclude Include="__SRC__\Core\Collections\ThreadBlock.h">
      <Filter>Header Files</Filter>
    </ClInclude>
    <ClInclude Include="__SRC__\Core\Collections\ObjectSet.h">
      <Filter>Header Files</Filter>
    </ClInclude>
    <ClInclude Include="__SRC__\Physics\PhysicsInstance.h">
      <Filter>Header Files</Filter>
    </ClInclude>
    <ClInclude Include="__SRC__\Physics\PhysicsScene.h">
      <Filter>Header Files</Filter>
    </ClInclude>
    <ClInclude Include="__SRC__\Physics\PhysicsCollider.h">
      <Filter>Header Files</Filter>
    </ClInclude>
    <ClInclude Include="__SRC__\Physics\PhysicsBody.h">
      <Filter>Header Files</Filter>
    </ClInclude>
    <ClInclude Include="__SRC__\Components\Lights\PointLight.h">
      <Filter>Header Files</Filter>
    </ClInclude>
    <ClInclude Include="__SRC__\Components\Lights\DirectionalLight.h">
      <Filter>Header Files</Filter>
    </ClInclude>
    <ClInclude Include="__SRC__\Environment\Rendering\SceneObjects\Lights\LightDescriptor.h">
      <Filter>Header Files</Filter>
    </ClInclude>
    <ClInclude Include="__SRC__\Environment\Rendering\SceneObjects\Lights\LightDataBuffer.h">
      <Filter>Header Files</Filter>
    </ClInclude>
    <ClInclude Include="__SRC__\Environment\Rendering\SceneObjects\Lights\SceneLightInfo.h">
      <Filter>Header Files</Filter>
    </ClInclude>
    <ClInclude Include="__SRC__\Environment\Rendering\SceneObjects\Lights\LightTypeIdBuffer.h">
      <Filter>Header Files</Filter>
    </ClInclude>
    <ClInclude Include="__SRC__\Graphics\Data\ShaderBinaries\SPIRV_Binary.h">
      <Filter>Header Files</Filter>
    </ClInclude>
    <ClInclude Include="__SRC__\Environment\Rendering\SceneObjects\Objects\GraphicsObjectDescriptor.h">
      <Filter>Header Files</Filter>
    </ClInclude>
    <ClInclude Include="__SRC__\Environment\Rendering\LightingModels\LightingModel.h">
      <Filter>Header Files</Filter>
    </ClInclude>
    <ClInclude Include="__SRC__\Core\Systems\JobSystem.h">
      <Filter>Header Files</Filter>
    </ClInclude>
    <ClInclude Include="__SRC__\Graphics\Data\ShaderBinaries\ShaderResourceBindings.h">
      <Filter>Header Files</Filter>
    </ClInclude>
    <ClInclude Include="__SRC__\Graphics\Data\ShaderBinaries\ShaderClass.h">
      <Filter>Header Files</Filter>
    </ClInclude>
    <ClInclude Include="__SRC__\Environment\Rendering\LightingModels\GraphicsEnvironment.h">
      <Filter>Header Files</Filter>
    </ClInclude>
    <ClInclude Include="__SRC__\Graphics\Data\ShaderBinaries\ShaderSet.h">
      <Filter>Header Files</Filter>
    </ClInclude>
    <ClInclude Include="__SRC__\Components\Camera.h">
      <Filter>Header Files</Filter>
    </ClInclude>
    <ClInclude Include="__SRC__\Graphics\Data\ShaderBinaries\ShaderLoader.h">
      <Filter>Header Files</Filter>
    </ClInclude>
    <ClInclude Include="__SRC__\Environment\Rendering\LightingModels\ForwardRendering\ForwardLightingModel.h">
      <Filter>Header Files</Filter>
    </ClInclude>
    <ClInclude Include="__SRC__\OS\Input\Input.h">
      <Filter>Header Files</Filter>
    </ClInclude>
    <ClInclude Include="__SRC__\OS\Window\GLFW\GLFW_Input.h">
      <Filter>Header Files</Filter>
    </ClInclude>
    <ClInclude Include="__SRC__\Physics\PhysX\PhysXInstance.h">
      <Filter>Header Files</Filter>
    </ClInclude>
    <ClInclude Include="__SRC__\Physics\PhysX\PhysXAPIIncludes.h">
      <Filter>Header Files</Filter>
    </ClInclude>
    <ClInclude Include="__SRC__\Physics\PhysX\PhysXScene.h">
      <Filter>Header Files</Filter>
    </ClInclude>
    <ClInclude Include="__SRC__\Physics\PhysX\PhysXStaticBody.h">
      <Filter>Header Files</Filter>
    </ClInclude>
    <ClInclude Include="__SRC__\Physics\PhysX\PhysXDynamicBody.h">
      <Filter>Header Files</Filter>
    </ClInclude>
    <ClInclude Include="__SRC__\Physics\PhysX\PhysXBody.h">
      <Filter>Header Files</Filter>
    </ClInclude>
    <ClInclude Include="__SRC__\Physics\PhysicsMaterial.h">
      <Filter>Header Files</Filter>
    </ClInclude>
    <ClInclude Include="__SRC__\Physics\PhysX\PhysXMaterial.h">
      <Filter>Header Files</Filter>
    </ClInclude>
    <ClInclude Include="__SRC__\Components\Physics\Collider.h">
      <Filter>Header Files</Filter>
    </ClInclude>
    <ClInclude Include="__SRC__\Components\Physics\SphereCollider.h">
      <Filter>Header Files</Filter>
    </ClInclude>
    <ClInclude Include="__SRC__\Components\Physics\CapsuleCollider.h">
      <Filter>Header Files</Filter>
    </ClInclude>
    <ClInclude Include="__SRC__\Components\Physics\BoxCollider.h">
      <Filter>Header Files</Filter>
    </ClInclude>
    <ClInclude Include="__SRC__\Components\Physics\Rigidbody.h">
      <Filter>Header Files</Filter>
    </ClInclude>
    <ClInclude Include="__SRC__\Core\Helpers.h">
      <Filter>Header Files</Filter>
    </ClInclude>
    <ClInclude Include="__SRC__\Math\Helpers.h">
      <Filter>Header Files</Filter>
    </ClInclude>
    <ClInclude Include="__SRC__\Physics\PhysX\PhysXCollider.h">
      <Filter>Header Files</Filter>
    </ClInclude>
    <ClInclude Include="__SRC__\Math\BitMask.h">
      <Filter>Header Files</Filter>
    </ClInclude>
    <ClInclude Include="__SRC__\Core\Systems\ActionQueue.h">
      <Filter>Header Files</Filter>
    </ClInclude>
    <ClInclude Include="__SRC__\Core\Collections\ThreadPool.h">
      <Filter>Header Files</Filter>
    </ClInclude>
    <ClInclude Include="__SRC__\Physics\PhysX\PhysXMeshCollider.h">
      <Filter>Header Files</Filter>
    </ClInclude>
    <ClInclude Include="__SRC__\Components\Physics\MeshCollider.h">
      <Filter>Header Files</Filter>
    </ClInclude>
    <ClInclude Include="__SRC__\Audio\OpenAL\OpenALDevice.h">
      <Filter>Header Files</Filter>
    </ClInclude>
    <ClInclude Include="__SRC__\Audio\OpenAL\OpenALIncludes.h">
      <Filter>Header Files</Filter>
    </ClInclude>
    <ClInclude Include="__SRC__\Audio\OpenAL\OpenALInstance.h">
      <Filter>Header Files</Filter>
    </ClInclude>
    <ClInclude Include="__SRC__\Audio\OpenAL\OpenALScene.h">
      <Filter>Header Files</Filter>
    </ClInclude>
    <ClInclude Include="__SRC__\Audio\AudioDevice.h">
      <Filter>Header Files</Filter>
    </ClInclude>
    <ClInclude Include="__SRC__\Audio\AudioInstance.h">
      <Filter>Header Files</Filter>
    </ClInclude>
    <ClInclude Include="__SRC__\Audio\AudioScene.h">
      <Filter>Header Files</Filter>
    </ClInclude>
    <ClInclude Include="__SRC__\Audio\PhysicalAudioDevice.h">
      <Filter>Header Files</Filter>
    </ClInclude>
    <ClInclude Include="__SRC__\Audio\Buffers\AudioBuffer.h">
      <Filter>Header Files</Filter>
    </ClInclude>
    <ClInclude Include="__SRC__\Audio\Buffers\SineBuffer.h">
      <Filter>Header Files</Filter>
    </ClInclude>
    <ClInclude Include="__SRC__\Audio\AudioClip.h">
      <Filter>Header Files</Filter>
    </ClInclude>
    <ClInclude Include="__SRC__\Audio\OpenAL\OpenALClip.h">
      <Filter>Header Files</Filter>
    </ClInclude>
    <ClInclude Include="__SRC__\Audio\OpenAL\OpenALListener.h">
      <Filter>Header Files</Filter>
    </ClInclude>
    <ClInclude Include="__SRC__\Audio\AudioSource.h">
      <Filter>Header Files</Filter>
    </ClInclude>
    <ClInclude Include="__SRC__\Audio\AudioListener.h">
      <Filter>Header Files</Filter>
    </ClInclude>
    <ClInclude Include="__SRC__\Audio\OpenAL\OpenALSource.h">
      <Filter>Header Files</Filter>
    </ClInclude>
    <ClInclude Include="__SRC__\Audio\OpenAL\OpenALContext.h">
      <Filter>Header Files</Filter>
    </ClInclude>
    <ClInclude Include="__SRC__\Components\Audio\AudioListener.h">
      <Filter>Header Files</Filter>
    </ClInclude>
    <ClInclude Include="__SRC__\Components\Audio\AudioSource.h">
      <Filter>Header Files</Filter>
    </ClInclude>
    <ClInclude Include="__SRC__\OS\IO\MMappedFile.h">
      <Filter>Header Files</Filter>
    </ClInclude>
    <ClInclude Include="__SRC__\Core\Memory\MemoryBlock.h">
      <Filter>Header Files</Filter>
    </ClInclude>
    <ClInclude Include="__SRC__\Core\Memory\Endian.h">
      <Filter>Header Files</Filter>
    </ClInclude>
    <ClInclude Include="__SRC__\Audio\Buffers\WaveBuffer.h">
      <Filter>Header Files</Filter>
    </ClInclude>
    <ClInclude Include="__SRC__\Core\Synch\SpinLock.h">
      <Filter>Header Files</Filter>
    </ClInclude>
    <ClInclude Include="__SRC__\Data\Serialization\ItemSerializers.h">
      <Filter>Header Files</Filter>
    </ClInclude>
    <ClInclude Include="__SRC__\Data\Serialization\Attributes\SliderAttribute.h">
      <Filter>Header Files</Filter>
    </ClInclude>
    <ClInclude Include="__SRC__\Data\Serialization\Attributes\ColorAttribute.h">
      <Filter>Header Files</Filter>
    </ClInclude>
    <ClInclude Include="__SRC__\Core\TypeRegistration\TypeRegistartion.h">
      <Filter>Header Files</Filter>
    </ClInclude>
    <ClInclude Include="__SRC__\Data\Serialization\Attributes\EnumAttribute.h">
      <Filter>Header Files</Filter>
    </ClInclude>
    <ClInclude Include="__SRC__\Graphics\Pipeline\ComputePipeline.h">
      <Filter>Header Files</Filter>
    </ClInclude>
    <ClInclude Include="__SRC__\Graphics\Vulkan\Pipeline\VulkanComputePipeline.h">
      <Filter>Header Files</Filter>
    </ClInclude>
    <ClInclude Include="__SRC__\Data\Formats\FBX\FBXContent.h">
      <Filter>Header Files</Filter>
    </ClInclude>
    <ClInclude Include="__SRC__\Core\Collections\Stacktor.h">
      <Filter>Header Files</Filter>
    </ClInclude>
    <ClInclude Include="__SRC__\Data\Formats\FBX\FBXData.h">
      <Filter>Header Files</Filter>
    </ClInclude>
    <ClInclude Include="__SRC__\Data\Formats\WavefrontOBJ.h">
      <Filter>Header Files</Filter>
    </ClInclude>
    <ClInclude Include="__SRC__\Data\Formats\FBX\FBXPropertyParser.h">
      <Filter>Header Files</Filter>
    </ClInclude>
    <ClInclude Include="__SRC__\Data\Formats\FBX\FBXMeshExtractor.h">
      <Filter>Header Files</Filter>
    </ClInclude>
    <ClInclude Include="__SRC__\Data\Generators\MeshGenerator.h">
      <Filter>Header Files</Filter>
    </ClInclude>
    <ClInclude Include="__SRC__\Components\GraphicsObjects\SkinnedMeshRenderer.h">
      <Filter>Header Files</Filter>
    </ClInclude>
    <ClInclude Include="__SRC__\Components\GraphicsObjects\TriMeshRenderer.h">
      <Filter>Header Files</Filter>
    </ClInclude>
    <ClInclude Include="__SRC__\Data\Formats\FBX\FBXObjectIndex.h">
      <Filter>Header Files</Filter>
    </ClInclude>
    <ClInclude Include="__SRC__\Data\Formats\FBX\FBXObjects.h">
      <Filter>Header Files</Filter>
    </ClInclude>
    <ClInclude Include="__SRC__\Data\Formats\FBX\FBXSkinDataExtractor.h">
      <Filter>Header Files</Filter>
    </ClInclude>
    <ClInclude Include="__SRC__\Data\Formats\FBX\FBXAnimationExtractor.h">
      <Filter>Header Files</Filter>
    </ClInclude>
    <ClInclude Include="__SRC__\Data\Animation.h">
      <Filter>Header Files</Filter>
    </ClInclude>
    <ClInclude Include="__SRC__\Math\Curves.h">
      <Filter>Header Files</Filter>
    </ClInclude>
    <ClInclude Include="__SRC__\Core\Property.h">
      <Filter>Header Files</Filter>
    </ClInclude>
    <ClInclude Include="__SRC__\Components\Animation\Animator.h">
      <Filter>Header Files</Filter>
    </ClInclude>
    <ClInclude Include="__SRC__\Data\Serialization\Attributes\EulerAnglesAttribute.h">
      <Filter>Header Files</Filter>
    </ClInclude>
    <ClInclude Include="__SRC__\Math\Random.h">
      <Filter>Header Files</Filter>
    </ClInclude>
    <ClInclude Include="__SRC__\Data\GUID.h">
      <Filter>Header Files</Filter>
    </ClInclude>
    <ClInclude Include="__SRC__\Data\AssetDatabase\AssetDatabase.h">
      <Filter>Header Files</Filter>
    </ClInclude>
    <ClInclude Include="__SRC__\Data\AssetDatabase\FileSystemDatabase\FileSystemDatabase.h">
      <Filter>Header Files</Filter>
    </ClInclude>
    <ClInclude Include="__SRC__\OS\IO\Path.h">
      <Filter>Header Files</Filter>
    </ClInclude>
    <ClInclude Include="__SRC__\OS\IO\DirectoryChangeObserver.h">
      <Filter>Header Files</Filter>
    </ClInclude>
    <ClInclude Include="__SRC__\Data\Formats\FBX\FBXAssetImporter.h">
      <Filter>Header Files</Filter>
    </ClInclude>
    <ClInclude Include="__SRC__\Data\Serialization\Helpers\SerializeToJson.h">
      <Filter>Header Files</Filter>
    </ClInclude>
    <ClInclude Include="__SRC__\Data\Formats\ImageAssetImporter.h">
      <Filter>Header Files</Filter>
    </ClInclude>
    <ClInclude Include="__SRC__\Data\Formats\AudioAssetImporter.h">
      <Filter>Header Files</Filter>
    </ClInclude>
    <ClInclude Include="__SRC__\Data\Serialization\Helpers\SerializerTypeMask.h">
      <Filter>Header Files</Filter>
    </ClInclude>
    <ClInclude Include="__SRC__\Data\Serialization\Attributes\HideInEditorAttribute.h">
      <Filter>Header Files</Filter>
    </ClInclude>
    <ClInclude Include="__SRC__\Environment\Scene\Scene.h">
      <Filter>Header Files</Filter>
    </ClInclude>
    <ClInclude Include="__SRC__\Environment\Scene\Logic\LogicContext.h">
      <Filter>Header Files</Filter>
    </ClInclude>
    <ClInclude Include="__SRC__\Environment\Scene\SceneClock.h">
      <Filter>Header Files</Filter>
    </ClInclude>
    <ClInclude Include="__SRC__\Core\Collections\DelayedObjectSet.h">
      <Filter>Header Files</Filter>
    </ClInclude>
    <ClInclude Include="__SRC__\Environment\Scene\Audio\AudioContext.h">
      <Filter>Header Files</Filter>
    </ClInclude>
    <ClInclude Include="__SRC__\Environment\Scene\Graphics\GraphicsContext.h">
      <Filter>Header Files</Filter>
    </ClInclude>
    <ClInclude Include="__SRC__\Environment\Scene\Physics\PhysicsContext.h">
      <Filter>Header Files</Filter>
    </ClInclude>
    <ClInclude Include="__SRC__\Environment\Scene\SceneObjectCollection.h">
      <Filter>Header Files</Filter>
    </ClInclude>
    <ClInclude Include="__SRC__\OS\Input\NoInput.h">
      <Filter>Header Files</Filter>
    </ClInclude>
    <ClInclude Include="__SRC__\Data\AssetDatabase\AssetSet.h">
      <Filter>Header Files</Filter>
    </ClInclude>
    <ClInclude Include="__SRC__\Environment\Scene\SceneUpdateLoop.h">
      <Filter>Header Files</Filter>
    </ClInclude>
    <ClInclude Include="__SRC__\Data\Materials\SampleDiffuse\SampleDiffuseShader.h">
      <Filter>Header Files</Filter>
    </ClInclude>
    <ClInclude Include="__SRC__\Environment\Rendering\LightingModels\ObjectIdRenderer\ObjectIdRenderer.h">
      <Filter>Header Files</Filter>
    </ClInclude>
    <ClInclude Include="__SRC__\Environment\Rendering\LightingModels\ObjectIdRenderer\ViewportObjectQuery.h">
      <Filter>Header Files</Filter>
    </ClInclude>
    <ClInclude Include="__SRC__\Data\ComponentHeirarchySpowner.h">
      <Filter>Header Files</Filter>
    </ClInclude>
    <ClInclude Include="__SRC__\Data\Serialization\Helpers\ComponentHeirarchySerializer.h">
      <Filter>Header Files</Filter>
    </ClInclude>
    <ClInclude Include="__SRC__\OS\IO\FileDialogues.h">
      <Filter>Header Files</Filter>
    </ClInclude>
    <ClInclude Include="__SRC__\Data\Formats\SceneFileAsset.h">
      <Filter>Header Files</Filter>
    </ClInclude>
    <ClInclude Include="__SRC__\Physics\CollisionMesh.h">
      <Filter>Header Files</Filter>
    </ClInclude>
    <ClInclude Include="__SRC__\Physics\PhysX\PhysXCollisionMesh.h">
      <Filter>Header Files</Filter>
    </ClInclude>
    <ClInclude Include="__SRC__\Data\Formats\MaterialFileAsset.h">
      <Filter>Header Files</Filter>
    </ClInclude>
    <ClInclude Include="__SRC__\Data\Serialization\Attributes\DragSpeedAttribute.h">
      <Filter>Header Files</Filter>
    </ClInclude>
    <ClInclude Include="__SRC__\Data\Generators\MeshModifiers.h">
      <Filter>Header Files</Filter>
    </ClInclude>
    <ClInclude Include="__SRC__\Data\Generators\MeshFromSpline.h">
      <Filter>Header Files</Filter>
    </ClInclude>
    <ClInclude Include="__SRC__\Environment\Rendering\RenderStack.h">
      <Filter>Header Files</Filter>
    </ClInclude>
    <ClInclude Include="__SRC__\Environment\Rendering\RenderImages.h">
      <Filter>Header Files</Filter>
    </ClInclude>
    <ClInclude Include="__SRC__\Environment\Rendering\ViewportDescriptor.h">
      <Filter>Header Files</Filter>
    </ClInclude>
    <ClInclude Include="__SRC__\Data\Generators\MeshConstants.h">
      <Filter>Header Files</Filter>
    </ClInclude>
    <ClInclude Include="__SRC__\OS\IO\Clipboard.h">
      <Filter>Header Files</Filter>
    </ClInclude>
    <ClInclude Include="__SRC__\OS\System\DynamicLibrary.h">
      <Filter>Header Files</Filter>
    </ClInclude>
    <ClInclude Include="__SRC__\Core\JimaraApi.h">
      <Filter>Header Files</Filter>
    </ClInclude>
    <ClInclude Include="__SRC__\Data\Serialization\Helpers\SerializerMacros.h">
      <Filter>Header Files</Filter>
    </ClInclude>
    <ClInclude Include="__SRC__\Data\Serialization\Serializable.h">
      <Filter>Header Files</Filter>
    </ClInclude>
    <ClInclude Include="__SRC__\Data\Serialization\DefaultSerializer.h">
      <Filter>Header Files</Filter>
    </ClInclude>
    <ClInclude Include="__SRC__\Components\Level\Subscene.h">
      <Filter>Header Files</Filter>
    </ClInclude>
    <ClInclude Include="__SRC__\Environment\Layers.h">
      <Filter>Header Files</Filter>
    </ClInclude>
    <ClInclude Include="__SRC__\Graphics\Vulkan\Pipeline\VulkanBindlessSet.h">
      <Filter>Header Files</Filter>
    </ClInclude>
    <ClInclude Include="__SRC__\Graphics\Pipeline\BindlessSet.h">
      <Filter>Header Files</Filter>
    </ClInclude>
    <ClInclude Include="__SRC__\Components\Lights\SpotLight.h">
      <Filter>Header Files</Filter>
    </ClInclude>
    <ClInclude Include="__SRC__\Environment\Rendering\LightingModels\DepthOnlyRenderer\DepthOnlyRenderer.h">
      <Filter>Header Files</Filter>
    </ClInclude>
    <ClInclude Include="__SRC__\Environment\Rendering\Shadows\VarianceShadowMapper\VarianceShadowMapper.h">
      <Filter>Header Files</Filter>
    </ClInclude>
    <ClInclude Include="__SRC__\Environment\Rendering\LightingModels\LightingModelPipelines.h">
      <Filter>Header Files</Filter>
    </ClInclude>
    <ClInclude Include="__SRC__\Environment\Rendering\LightingModels\DepthOnlyRenderer\DualParaboloidDepthRenderer.h">
      <Filter>Header Files</Filter>
    </ClInclude>
    <ClInclude Include="__SRC__\Environment\Rendering\TransientImage.h">
      <Filter>Header Files</Filter>
    </ClInclude>
    <ClInclude Include="__SRC__\Environment\Rendering\SceneObjects\Lights\ViewportLightSet.h">
      <Filter>Header Files</Filter>
    </ClInclude>
    <ClInclude Include="__SRC__\Environment\Rendering\PostFX\Bloom\BloomKernel.h">
      <Filter>Header Files</Filter>
    </ClInclude>
    <ClInclude Include="__SRC__\Components\PostFX\BloomEffect.h">
      <Filter>Header Files</Filter>
    </ClInclude>
    <ClInclude Include="__SRC__\Environment\Rendering\Particles\ParticleBuffers.h">
      <Filter>Header Files</Filter>
    </ClInclude>
    <ClInclude Include="__SRC__\Environment\GraphicsSimulation\GraphicsSimulation.h">
      <Filter>Header Files</Filter>
    </ClInclude>
    <ClInclude Include="__SRC__\Components\GraphicsObjects\ParticleRenderer.h">
      <Filter>Header Files</Filter>
    </ClInclude>
    <ClInclude Include="__SRC__\Environment\Rendering\Particles\ParticleState.h">
      <Filter>Header Files</Filter>
    </ClInclude>
    <ClInclude Include="__SRC__\Environment\Rendering\Algorithms\BitonicSort\BitonicSortKernel.h">
      <Filter>Header Files</Filter>
    </ClInclude>
    <ClInclude Include="__SRC__\Environment\Rendering\Algorithms\Random\GraphicsRNG.h">
      <Filter>Header Files</Filter>
    </ClInclude>
    <ClInclude Include="__SRC__\Environment\Rendering\Particles\CoreSteps\InstanceBufferGenerator\InstanceBufferGenerator.h">
      <Filter>Header Files</Filter>
    </ClInclude>
    <ClInclude Include="__SRC__\Math\BinarySearch.h">
      <Filter>Header Files</Filter>
    </ClInclude>
    <ClInclude Include="__SRC__\Environment\GraphicsSimulation\CombinedGraphicsSimulationKernel.h">
      <Filter>Header Files</Filter>
    </ClInclude>
    <ClInclude Include="__SRC__\Environment\Rendering\Particles\CoreSteps\SimulationStep\ParticleSimulationStepKernel.h">
      <Filter>Header Files</Filter>
    </ClInclude>
    <ClInclude Include="__SRC__\Environment\Rendering\Algorithms\SegmentTree\SegmentTreeGenerationKernel.h">
      <Filter>Header Files</Filter>
    </ClInclude>
    <ClInclude Include="__SRC__\Environment\Rendering\Particles\CoreSteps\WrangleStep\ParticleWrangleStepKernel.h">
      <Filter>Header Files</Filter>
    </ClInclude>
    <ClInclude Include="__SRC__\Environment\Rendering\Particles\ParticleKernels.h">
      <Filter>Header Files</Filter>
    </ClInclude>
    <ClInclude Include="__SRC__\Environment\Rendering\Particles\CoreSteps\InitializationStep\ParticleInitializationStepKernel.h">
      <Filter>Header Files</Filter>
    </ClInclude>
    <ClInclude Include="__SRC__\Environment\Rendering\Particles\InitializationTasks\PlaceInSphere\PlaceInSphere.h">
      <Filter>Header Files</Filter>
    </ClInclude>
    <ClInclude Include="__SRC__\Environment\Rendering\Particles\CombinedParticleKernel.h">
      <Filter>Header Files</Filter>
    </ClInclude>
    <ClInclude Include="__SRC__\Environment\Rendering\Particles\InitializationTasks\SetRandomVelocity\SetRandomVelocity.h">
      <Filter>Header Files</Filter>
    </ClInclude>
    <ClInclude Include="__SRC__\Core\TypeRegistration\ObjectFactory.h">
      <Filter>Header Files</Filter>
    </ClInclude>
    <ClInclude Include="__SRC__\Environment\Rendering\Particles\TimestepTasks\ApplyGravity\ApplyGravity.h">
      <Filter>Header Files</Filter>
    </ClInclude>
    <ClInclude Include="__SRC__\Environment\Rendering\Particles\InitializationTasks\SetRandomScale\SetRandomScale.h">
      <Filter>Header Files</Filter>
    </ClInclude>
    <ClInclude Include="__SRC__\Environment\Rendering\Particles\InitializationTasks\SetRandomLifetime\SetRandomLifetime.h">
      <Filter>Header Files</Filter>
    </ClInclude>
    <ClInclude Include="__SRC__\Graphics\Pipeline\IndirectBuffers.h">
      <Filter>Header Files</Filter>
    </ClInclude>
    <ClInclude Include="__SRC__\Graphics\Vulkan\Memory\Buffers\VulkanIndirectBuffers.h">
      <Filter>Header Files</Filter>
    </ClInclude>
    <ClInclude Include="__SRC__\Environment\Rendering\SceneObjects\Objects\ViewportGraphicsObjectSet.h">
      <Filter>Header Files</Filter>
    </ClInclude>
    <ClInclude Include="__SRC__\Data\Materials\SampleParticle\SampleParticleShader.h">
      <Filter>Header Files</Filter>
    </ClInclude>
    <ClInclude Include="__SRC__\Environment\Rendering\Particles\TimestepTasks\SizeOverLifetime\SizeOverLifetime.h">
      <Filter>Header Files</Filter>
    </ClInclude>
    <ClInclude Include="__SRC__\Math\GraphicsCurves.h">
      <Filter>Header Files</Filter>
    </ClInclude>
    <ClInclude Include="__SRC__\Environment\Rendering\Particles\TimestepTasks\ColorOverLifetime\ColorOverLifetime.h">
      <Filter>Header Files</Filter>
    </ClInclude>
    <ClInclude Include="__SRC__\Environment\Rendering\Particles\ParticleSystemInfo.h">
      <Filter>Header Files</Filter>
    </ClInclude>
    <ClInclude Include="__SRC__\Environment\Rendering\Particles\ParticleTaskSet.h">
      <Filter>Header Files</Filter>
    </ClInclude>
    <ClInclude Include="__SRC__\Data\Serialization\Attributes\InlineSerializerListAttribute.h">
      <Filter>Header Files</Filter>
    </ClInclude>
    <ClInclude Include="__SRC__\Data\Serialization\Attributes\CustomEditorNameAttribute.h">
      <Filter>Header Files</Filter>
    </ClInclude>
    <ClInclude Include="__SRC__\Data\Serialization\Attributes\RemoveButtonAttribute.h">
      <Filter>Header Files</Filter>
    </ClInclude>
    <ClInclude Include="__SRC__\Components\UI\Canvas.h">
      <Filter>Header Files</Filter>
    </ClInclude>
    <ClInclude Include="__SRC__\Components\UI\UITransform.h">
      <Filter>Header Files</Filter>
    </ClInclude>
    <ClInclude Include="__SRC__\Components\UI\UIImage.h">
      <Filter>Header Files</Filter>
    </ClInclude>
    <ClInclude Include="__SRC__\Components\UI\UIText.h">
      <Filter>Header Files</Filter>
    </ClInclude>
    <ClInclude Include="__SRC__\Environment\Rendering\LightingModels\UnlitRendering\CanvasRenderer.h">
      <Filter>Header Files</Filter>
    </ClInclude>
    <ClInclude Include="__SRC__\Data\Materials\SampleUI\SampleUIShader.h">
      <Filter>Header Files</Filter>
    </ClInclude>
    <ClInclude Include="__SRC__\Environment\Rendering\Helpers\ImageOverlay\ImageOverlayRenderer.h">
      <Filter>Header Files</Filter>
    </ClInclude>
    <ClInclude Include="__SRC__\Graphics\Pipeline\Experimental\Pipeline.h">
      <Filter>Header Files</Filter>
    </ClInclude>
  </ItemGroup>
  <ItemGroup>
    <None Include="packages.config" />
    <None Include="cpp.hint" />
  </ItemGroup>
</Project>