<?xml version="1.0" encoding="utf-8"?>
<Project ToolsVersion="4.0" xmlns="http://schemas.microsoft.com/developer/msbuild/2003">
  <ItemGroup>
    <Filter Include="Source Files">
      <UniqueIdentifier>{4FC737F1-C7A5-4376-A066-2A32D752A2FF}</UniqueIdentifier>
      <Extensions>cpp;c;cc;cxx;c++;cppm;ixx;def;odl;idl;hpj;bat;asm;asmx</Extensions>
    </Filter>
    <Filter Include="Header Files">
      <UniqueIdentifier>{93995380-89BD-4b04-88EB-625FBE52EBFB}</UniqueIdentifier>
      <Extensions>h;hh;hpp;hxx;h++;hm;inl;inc;ipp;xsd</Extensions>
    </Filter>
    <Filter Include="Resource Files">
      <UniqueIdentifier>{67DA6AB6-F800-4c08-8B7A-83BB121AAD01}</UniqueIdentifier>
      <Extensions>rc;ico;cur;bmp;dlg;rc2;rct;bin;rgs;gif;jpg;jpeg;jpe;resx;tiff;tif;png;wav;mfcribbon-ms</Extensions>
    </Filter>
  </ItemGroup>
  <ItemGroup>
    <ClCompile Include="__SRC__\Core\Object.cpp">
      <Filter>Source Files</Filter>
    </ClCompile>
    <ClCompile Include="__SRC__\Core\Synch\Semaphore.cpp">
      <Filter>Source Files</Filter>
    </ClCompile>
    <ClCompile Include="__SRC__\OS\Logging\Logger.cpp">
      <Filter>Source Files</Filter>
    </ClCompile>
    <ClCompile Include="__SRC__\OS\Logging\StreamLogger.cpp">
      <Filter>Source Files</Filter>
    </ClCompile>
    <ClCompile Include="__SRC__\OS\Window\Window.cpp">
      <Filter>Source Files</Filter>
    </ClCompile>
    <ClCompile Include="__SRC__\OS\Window\GLFW\GLFW_Window.cpp">
      <Filter>Source Files</Filter>
    </ClCompile>
    <ClCompile Include="__SRC__\Graphics\GraphicsInstance.cpp">
      <Filter>Source Files</Filter>
    </ClCompile>
    <ClCompile Include="__SRC__\Graphics\PhysicalDevice.cpp">
      <Filter>Source Files</Filter>
    </ClCompile>
    <ClCompile Include="__SRC__\Graphics\Vulkan\VulkanInstance.cpp">
      <Filter>Source Files</Filter>
    </ClCompile>
    <ClCompile Include="__SRC__\Graphics\Vulkan\VulkanPhysicalDevice.cpp">
      <Filter>Source Files</Filter>
    </ClCompile>
    <ClCompile Include="__SRC__\Application\AppInformation.cpp">
      <Filter>Source Files</Filter>
    </ClCompile>
    <ClCompile Include="__SRC__\Graphics\Vulkan\VulkanDevice.cpp">
      <Filter>Source Files</Filter>
    </ClCompile>
    <ClCompile Include="__SRC__\Graphics\GraphicsDevice.cpp">
      <Filter>Source Files</Filter>
    </ClCompile>
    <ClCompile Include="__SRC__\Graphics\Vulkan\Memory\VulkanMemory.cpp">
      <Filter>Source Files</Filter>
    </ClCompile>
    <ClCompile Include="__SRC__\Graphics\Vulkan\Rendering\VulkanRenderSurface.cpp">
      <Filter>Source Files</Filter>
    </ClCompile>
    <ClCompile Include="__SRC__\Graphics\Rendering\RenderSurface.cpp">
      <Filter>Source Files</Filter>
    </ClCompile>
    <ClCompile Include="__SRC__\Graphics\Vulkan\Rendering\VulkanSwapChain.cpp">
      <Filter>Source Files</Filter>
    </ClCompile>
    <ClCompile Include="__SRC__\Graphics\Vulkan\Rendering\VulkanSurfaceRenderEngine.cpp">
      <Filter>Source Files</Filter>
    </ClCompile>
    <ClCompile Include="__SRC__\Graphics\Vulkan\Pipeline\VulkanCommandPool.cpp">
      <Filter>Source Files</Filter>
    </ClCompile>
    <ClCompile Include="__SRC__\Graphics\Vulkan\Pipeline\VulkanFrameBuffer.cpp">
      <Filter>Source Files</Filter>
    </ClCompile>
    <ClCompile Include="__SRC__\Graphics\Vulkan\Pipeline\VulkanRenderPass.cpp">
      <Filter>Source Files</Filter>
    </ClCompile>
    <ClCompile Include="__SRC__\Graphics\Vulkan\Pipeline\VulkanShader.cpp">
      <Filter>Source Files</Filter>
    </ClCompile>
    <ClCompile Include="__SRC__\Graphics\Pipeline\Shader.cpp">
      <Filter>Source Files</Filter>
    </ClCompile>
    <ClCompile Include="__SRC__\Graphics\Vulkan\Pipeline\VulkanGraphicsPipeline.cpp">
      <Filter>Source Files</Filter>
    </ClCompile>
    <ClCompile Include="__SRC__\Graphics\Vulkan\Memory\Textures\VulkanTexture.cpp">
      <Filter>Source Files</Filter>
    </ClCompile>
    <ClCompile Include="__SRC__\Graphics\Vulkan\Memory\Textures\VulkanStaticTexture.cpp">
      <Filter>Source Files</Filter>
    </ClCompile>
    <ClCompile Include="__SRC__\Graphics\Vulkan\Memory\Textures\VulkanDynamicTexture.cpp">
      <Filter>Source Files</Filter>
    </ClCompile>
    <ClCompile Include="__SRC__\Graphics\Vulkan\Memory\TextureViews\VulkanStaticTextureView.cpp">
      <Filter>Source Files</Filter>
    </ClCompile>
    <ClCompile Include="__SRC__\Graphics\Vulkan\Memory\TextureViews\VulkanDynamicTextureView.cpp">
      <Filter>Source Files</Filter>
    </ClCompile>
    <ClCompile Include="__SRC__\Graphics\Vulkan\Memory\TextureSamplers\VulkanStaticTextureSampler.cpp">
      <Filter>Source Files</Filter>
    </ClCompile>
    <ClCompile Include="__SRC__\Graphics\Vulkan\Memory\TextureSamplers\VulkanDynamicTextureSampler.cpp">
      <Filter>Source Files</Filter>
    </ClCompile>
    <ClCompile Include="__SRC__\Graphics\Vulkan\Memory\Buffers\VulkanStaticBuffer.cpp">
      <Filter>Source Files</Filter>
    </ClCompile>
    <ClCompile Include="__SRC__\Graphics\Vulkan\Memory\Buffers\VulkanDynamicBuffer.cpp">
      <Filter>Source Files</Filter>
    </ClCompile>
    <ClCompile Include="__SRC__\Graphics\Vulkan\Memory\Buffers\VulkanConstantBuffer.cpp">
      <Filter>Source Files</Filter>
    </ClCompile>
    <ClCompile Include="__SRC__\Data\Mesh.cpp">
      <Filter>Source Files</Filter>
    </ClCompile>
    <ClCompile Include="__SRC__\Graphics\Memory\Texture.cpp">
      <Filter>Source Files</Filter>
    </ClCompile>
    <ClCompile Include="__SRC__\Graphics\Vulkan\Pipeline\VulkanDeviceQueue.cpp">
      <Filter>Source Files</Filter>
    </ClCompile>
    <ClCompile Include="__SRC__\Graphics\Vulkan\Pipeline\VulkanCommandBuffer.cpp">
      <Filter>Source Files</Filter>
    </ClCompile>
    <ClCompile Include="__SRC__\Graphics\Vulkan\Memory\VulkanDynamicDataUpdater.cpp">
      <Filter>Source Files</Filter>
    </ClCompile>
    <ClCompile Include="__SRC__\Graphics\Data\GraphicsPipelineSet.cpp">
      <Filter>Source Files</Filter>
    </ClCompile>
    <ClCompile Include="__SRC__\Environment\Scene.cpp">
      <Filter>Source Files</Filter>
    </ClCompile>
    <ClCompile Include="__SRC__\Environment\AppContext.cpp">
      <Filter>Source Files</Filter>
    </ClCompile>
    <ClCompile Include="__SRC__\Graphics\Data\GraphicsMesh.cpp">
      <Filter>Source Files</Filter>
    </ClCompile>
    <ClCompile Include="__SRC__\Components\Component.cpp">
      <Filter>Source Files</Filter>
    </ClCompile>
    <ClCompile Include="__SRC__\Components\Transform.cpp">
      <Filter>Source Files</Filter>
    </ClCompile>
    <ClCompile Include="__SRC__\Environment\SceneContext.cpp">
      <Filter>Source Files</Filter>
    </ClCompile>
    <ClCompile Include="__SRC__\Data\Material.cpp">
      <Filter>Source Files</Filter>
    </ClCompile>
    <ClCompile Include="__SRC__\Components\MeshRenderer.cpp">
      <Filter>Source Files</Filter>
    </ClCompile>
    <ClCompile Include="__SRC__\Graphics\Vulkan\Pipeline\VulkanPipeline.cpp">
      <Filter>Source Files</Filter>
    </ClCompile>
    <ClCompile Include="__SRC__\Core\Collections\ThreadBlock.cpp">
      <Filter>Source Files</Filter>
    </ClCompile>
    <ClCompile Include="__SRC__\Physics\PhysicsInstance.cpp">
      <Filter>Source Files</Filter>
    </ClCompile>
    <ClCompile Include="__SRC__\Components\Lights\PointLight.cpp">
      <Filter>Source Files</Filter>
    </ClCompile>
    <ClCompile Include="__SRC__\Components\Lights\DirectionalLight.cpp">
      <Filter>Source Files</Filter>
    </ClCompile>
    <ClCompile Include="__SRC__\Environment\GraphicsContext\Lights\LightDataBuffer.cpp">
      <Filter>Source Files</Filter>
    </ClCompile>
    <ClCompile Include="__SRC__\Environment\GraphicsContext\Lights\SceneLightInfo.cpp">
      <Filter>Source Files</Filter>
    </ClCompile>
    <ClCompile Include="__SRC__\Environment\GraphicsContext\Lights\LightTypeIdBuffer.cpp">
      <Filter>Source Files</Filter>
    </ClCompile>
    <ClCompile Include="__SRC__\Graphics\Data\ShaderBinaries\SPIRV_Binary.cpp">
      <Filter>Source Files</Filter>
    </ClCompile>
    <ClCompile Include="__SRC__\Core\Systems\JobSystem.cpp">
      <Filter>Source Files</Filter>
    </ClCompile>
    <ClCompile Include="__SRC__\Graphics\Data\ShaderBinaries\ShaderResourceBindings.cpp">
      <Filter>Source Files</Filter>
    </ClCompile>
    <ClCompile Include="__SRC__\Graphics\Data\ShaderBinaries\ShaderClass.cpp">
      <Filter>Source Files</Filter>
    </ClCompile>
    <ClCompile Include="__SRC__\Environment\GraphicsContext\LightingModels\GraphicsEnvironment.cpp">
      <Filter>Source Files</Filter>
    </ClCompile>
    <ClCompile Include="__SRC__\Graphics\Data\ShaderBinaries\ShaderSet.cpp">
      <Filter>Source Files</Filter>
    </ClCompile>
    <ClCompile Include="__SRC__\Components\Camera.cpp">
      <Filter>Source Files</Filter>
    </ClCompile>
    <ClCompile Include="__SRC__\Environment\GraphicsContext\LightingModels\ShaderLoader.cpp">
      <Filter>Source Files</Filter>
    </ClCompile>
    <ClCompile Include="__SRC__\Environment\GraphicsContext\LightingModels\ForwardRendering\ForwardLightingModel.cpp">
      <Filter>Source Files</Filter>
    </ClCompile>
    <ClCompile Include="__SRC__\OS\Window\GLFW\GLFW_Input.cpp">
      <Filter>Source Files</Filter>
    </ClCompile>
    <ClCompile Include="__SRC__\Physics\PhysX\PhysXInstance.cpp">
      <Filter>Source Files</Filter>
    </ClCompile>
    <ClCompile Include="__SRC__\Physics\PhysX\PhysXScene.cpp">
      <Filter>Source Files</Filter>
    </ClCompile>
    <ClCompile Include="__SRC__\Physics\PhysX\PhysXDynamicBody.cpp">
      <Filter>Source Files</Filter>
    </ClCompile>
    <ClCompile Include="__SRC__\Physics\PhysX\PhysXStaticBody.cpp">
      <Filter>Source Files</Filter>
    </ClCompile>
    <ClCompile Include="__SRC__\Physics\PhysX\PhysXBody.cpp">
      <Filter>Source Files</Filter>
    </ClCompile>
    <ClCompile Include="__SRC__\Physics\PhysX\PhysXMaterial.cpp">
      <Filter>Source Files</Filter>
    </ClCompile>
    <ClCompile Include="__SRC__\Components\Physics\SphereCollider.cpp">
      <Filter>Source Files</Filter>
    </ClCompile>
    <ClCompile Include="__SRC__\Components\Physics\Collider.cpp">
      <Filter>Source Files</Filter>
    </ClCompile>
    <ClCompile Include="__SRC__\Components\Physics\CapsuleCollider.cpp">
      <Filter>Source Files</Filter>
    </ClCompile>
    <ClCompile Include="__SRC__\Components\Physics\BoxCollider.cpp">
      <Filter>Source Files</Filter>
    </ClCompile>
    <ClCompile Include="__SRC__\Components\Physics\Rigidbody.cpp">
      <Filter>Source Files</Filter>
    </ClCompile>
    <ClCompile Include="__SRC__\Physics\PhysX\PhysXCollider.cpp">
      <Filter>Source Files</Filter>
    </ClCompile>
  </ItemGroup>
  <ItemGroup>
    <ClInclude Include="__SRC__\Core\Object.h">
      <Filter>Header Files</Filter>
    </ClInclude>
    <ClInclude Include="__SRC__\Core\Reference.h">
      <Filter>Header Files</Filter>
    </ClInclude>
    <ClInclude Include="__SRC__\Core\Systems\Event.h">
      <Filter>Header Files</Filter>
    </ClInclude>
    <ClInclude Include="__SRC__\Core\Function.h">
      <Filter>Header Files</Filter>
    </ClInclude>
    <ClInclude Include="__SRC__\Core\Synch\Semaphore.h">
      <Filter>Header Files</Filter>
    </ClInclude>
    <ClInclude Include="__SRC__\OS\Logging\Logger.h">
      <Filter>Header Files</Filter>
    </ClInclude>
    <ClInclude Include="__SRC__\OS\Logging\StreamLogger.h">
      <Filter>Header Files</Filter>
    </ClInclude>
    <ClInclude Include="__SRC__\OS\Window\Window.h">
      <Filter>Header Files</Filter>
    </ClInclude>
    <ClInclude Include="__SRC__\OS\Window\GLFW\GLFW_Window.h">
      <Filter>Header Files</Filter>
    </ClInclude>
    <ClInclude Include="__SRC__\Core\Stopwatch.h">
      <Filter>Header Files</Filter>
    </ClInclude>
    <ClInclude Include="__SRC__\Graphics\GraphicsInstance.h">
      <Filter>Header Files</Filter>
    </ClInclude>
    <ClInclude Include="__SRC__\Graphics\PhysicalDevice.h">
      <Filter>Header Files</Filter>
    </ClInclude>
    <ClInclude Include="__SRC__\Graphics\Vulkan\VulkanAPIIncludes.h">
      <Filter>Header Files</Filter>
    </ClInclude>
    <ClInclude Include="__SRC__\Graphics\Vulkan\VulkanInstance.h">
      <Filter>Header Files</Filter>
    </ClInclude>
    <ClInclude Include="__SRC__\Graphics\Vulkan\VulkanPhysicalDevice.h">
      <Filter>Header Files</Filter>
    </ClInclude>
    <ClInclude Include="__SRC__\Application\AppVersion.h">
      <Filter>Header Files</Filter>
    </ClInclude>
    <ClInclude Include="__SRC__\Application\AppInformation.h">
      <Filter>Header Files</Filter>
    </ClInclude>
    <ClInclude Include="__SRC__\Graphics\Vulkan\VulkanDevice.h">
      <Filter>Header Files</Filter>
    </ClInclude>
    <ClInclude Include="__SRC__\Graphics\GraphicsDevice.h">
      <Filter>Header Files</Filter>
    </ClInclude>
    <ClInclude Include="__SRC__\Graphics\Vulkan\Memory\VulkanMemory.h">
      <Filter>Header Files</Filter>
    </ClInclude>
    <ClInclude Include="__SRC__\Graphics\Memory\Buffers.h">
      <Filter>Header Files</Filter>
    </ClInclude>
    <ClInclude Include="__SRC__\Graphics\Rendering\RenderSurface.h">
      <Filter>Header Files</Filter>
    </ClInclude>
    <ClInclude Include="__SRC__\Graphics\Rendering\RenderEngine.h">
      <Filter>Header Files</Filter>
    </ClInclude>
    <ClInclude Include="__SRC__\Graphics\Vulkan\Rendering\VulkanRenderSurface.h">
      <Filter>Header Files</Filter>
    </ClInclude>
    <ClInclude Include="__SRC__\Graphics\Vulkan\Rendering\VulkanSwapChain.h">
      <Filter>Header Files</Filter>
    </ClInclude>
    <ClInclude Include="__SRC__\Graphics\Memory\Texture.h">
      <Filter>Header Files</Filter>
    </ClInclude>
    <ClInclude Include="__SRC__\Graphics\Vulkan\Rendering\VulkanSurfaceRenderEngine.h">
      <Filter>Header Files</Filter>
    </ClInclude>
    <ClInclude Include="__SRC__\Graphics\Vulkan\Synch\VulkanSemaphore.h">
      <Filter>Header Files</Filter>
    </ClInclude>
    <ClInclude Include="__SRC__\Graphics\Vulkan\Synch\VulkanFence.h">
      <Filter>Header Files</Filter>
    </ClInclude>
    <ClInclude Include="__SRC__\Graphics\Vulkan\Pipeline\VulkanCommandPool.h">
      <Filter>Header Files</Filter>
    </ClInclude>
    <ClInclude Include="__SRC__\Graphics\Vulkan\Pipeline\VulkanFrameBuffer.h">
      <Filter>Header Files</Filter>
    </ClInclude>
    <ClInclude Include="__SRC__\Graphics\Vulkan\Pipeline\VulkanRenderPass.h">
      <Filter>Header Files</Filter>
    </ClInclude>
    <ClInclude Include="__SRC__\Graphics\Vulkan\Rendering\VulkanRenderEngine.h">
      <Filter>Header Files</Filter>
    </ClInclude>
    <ClInclude Include="__SRC__\Graphics\Vulkan\Pipeline\VulkanShader.h">
      <Filter>Header Files</Filter>
    </ClInclude>
    <ClInclude Include="__SRC__\Graphics\Pipeline\Shader.h">
      <Filter>Header Files</Filter>
    </ClInclude>
    <ClInclude Include="__SRC__\Graphics\Pipeline\GraphicsPipeline.h">
      <Filter>Header Files</Filter>
    </ClInclude>
    <ClInclude Include="__SRC__\Graphics\Vulkan\Pipeline\VulkanGraphicsPipeline.h">
      <Filter>Header Files</Filter>
    </ClInclude>
    <ClInclude Include="__SRC__\Math\Math.h">
      <Filter>Header Files</Filter>
    </ClInclude>
    <ClInclude Include="__SRC__\Graphics\Pipeline\Pipeline.h">
      <Filter>Header Files</Filter>
    </ClInclude>
    <ClInclude Include="__SRC__\Graphics\Vulkan\Pipeline\VulkanPipeline.h">
      <Filter>Header Files</Filter>
    </ClInclude>
    <ClInclude Include="__SRC__\Graphics\Vulkan\Memory\Textures\VulkanTexture.h">
      <Filter>Header Files</Filter>
    </ClInclude>
    <ClInclude Include="__SRC__\Graphics\Vulkan\Memory\Textures\VulkanStaticTexture.h">
      <Filter>Header Files</Filter>
    </ClInclude>
    <ClInclude Include="__SRC__\Graphics\Vulkan\Memory\Textures\VulkanDynamicTexture.h">
      <Filter>Header Files</Filter>
    </ClInclude>
    <ClInclude Include="__SRC__\Graphics\Vulkan\Memory\TextureViews\VulkanTextureView.h">
      <Filter>Header Files</Filter>
    </ClInclude>
    <ClInclude Include="__SRC__\Graphics\Vulkan\Memory\TextureViews\VulkanStaticTextureView.h">
      <Filter>Header Files</Filter>
    </ClInclude>
    <ClInclude Include="__SRC__\Graphics\Vulkan\Memory\TextureViews\VulkanDynamicTextureView.h">
      <Filter>Header Files</Filter>
    </ClInclude>
    <ClInclude Include="__SRC__\Graphics\Vulkan\Memory\TextureSamplers\VulkanTextureSampler.h">
      <Filter>Header Files</Filter>
    </ClInclude>
    <ClInclude Include="__SRC__\Graphics\Vulkan\Memory\TextureSamplers\VulkanStaticTextureSampler.h">
      <Filter>Header Files</Filter>
    </ClInclude>
    <ClInclude Include="__SRC__\Graphics\Vulkan\Memory\TextureSamplers\VulkanDynamicTextureSampler.h">
      <Filter>Header Files</Filter>
    </ClInclude>
    <ClInclude Include="__SRC__\Graphics\Vulkan\Memory\Buffers\VulkanStaticBuffer.h">
      <Filter>Header Files</Filter>
    </ClInclude>
    <ClInclude Include="__SRC__\Graphics\Vulkan\Memory\Buffers\VulkanDynamicBuffer.h">
      <Filter>Header Files</Filter>
    </ClInclude>
    <ClInclude Include="__SRC__\Graphics\Vulkan\Memory\Buffers\VulkanConstantBuffer.h">
      <Filter>Header Files</Filter>
    </ClInclude>
    <ClInclude Include="__SRC__\Data\Mesh.h">
      <Filter>Header Files</Filter>
    </ClInclude>
    <ClInclude Include="__SRC__\Graphics\Pipeline\DeviceQueue.h">
      <Filter>Header Files</Filter>
    </ClInclude>
    <ClInclude Include="__SRC__\Graphics\Pipeline\CommandBuffer.h">
      <Filter>Header Files</Filter>
    </ClInclude>
    <ClInclude Include="__SRC__\Graphics\Vulkan\Pipeline\VulkanDeviceQueue.h">
      <Filter>Header Files</Filter>
    </ClInclude>
    <ClInclude Include="__SRC__\Graphics\Vulkan\Synch\VulkanTimelineSemaphore.h">
      <Filter>Header Files</Filter>
    </ClInclude>
    <ClInclude Include="__SRC__\Graphics\Vulkan\Pipeline\VulkanCommandBuffer.h">
      <Filter>Header Files</Filter>
    </ClInclude>
    <ClInclude Include="__SRC__\Graphics\Vulkan\Memory\VulkanDynamicDataUpdater.h">
      <Filter>Header Files</Filter>
    </ClInclude>
    <ClInclude Include="__SRC__\Graphics\Pipeline\RenderPass.h">
      <Filter>Header Files</Filter>
    </ClInclude>
    <ClInclude Include="__SRC__\Graphics\Pipeline\FrameBuffer.h">
      <Filter>Header Files</Filter>
    </ClInclude>
    <ClInclude Include="__SRC__\Core\Collections\ObjectCache.h">
      <Filter>Header Files</Filter>
    </ClInclude>
    <ClInclude Include="__SRC__\Graphics\Data\GraphicsPipelineSet.h">
      <Filter>Header Files</Filter>
    </ClInclude>
    <ClInclude Include="__SRC__\Environment\Scene.h">
      <Filter>Header Files</Filter>
    </ClInclude>
    <ClInclude Include="__SRC__\Environment\AppContext.h">
      <Filter>Header Files</Filter>
    </ClInclude>
    <ClInclude Include="__SRC__\Graphics\Data\GraphicsMesh.h">
      <Filter>Header Files</Filter>
    </ClInclude>
    <ClInclude Include="__SRC__\Components\Component.h">
      <Filter>Header Files</Filter>
    </ClInclude>
    <ClInclude Include="__SRC__\Components\Transform.h">
      <Filter>Header Files</Filter>
    </ClInclude>
    <ClInclude Include="__SRC__\Environment\SceneContext.h">
      <Filter>Header Files</Filter>
    </ClInclude>
    <ClInclude Include="__SRC__\Data\Material.h">
      <Filter>Header Files</Filter>
    </ClInclude>
    <ClInclude Include="__SRC__\Components\MeshRenderer.h">
      <Filter>Header Files</Filter>
    </ClInclude>
    <ClInclude Include="__SRC__\Core\Collections\ThreadBlock.h">
      <Filter>Header Files</Filter>
    </ClInclude>
    <ClInclude Include="__SRC__\Core\Collections\ObjectSet.h">
      <Filter>Header Files</Filter>
    </ClInclude>
    <ClInclude Include="__SRC__\Environment\GraphicsContext\GraphicsContext.h">
      <Filter>Header Files</Filter>
    </ClInclude>
    <ClInclude Include="__SRC__\Components\Interfaces\Updatable.h">
      <Filter>Header Files</Filter>
    </ClInclude>
    <ClInclude Include="__SRC__\Physics\PhysicsInstance.h">
      <Filter>Header Files</Filter>
    </ClInclude>
    <ClInclude Include="__SRC__\Physics\PhysicsScene.h">
      <Filter>Header Files</Filter>
    </ClInclude>
    <ClInclude Include="__SRC__\Physics\PhysicsCollider.h">
      <Filter>Header Files</Filter>
    </ClInclude>
    <ClInclude Include="__SRC__\Physics\PhysicsBody.h">
      <Filter>Header Files</Filter>
    </ClInclude>
    <ClInclude Include="__SRC__\Components\Lights\PointLight.h">
      <Filter>Header Files</Filter>
    </ClInclude>
    <ClInclude Include="__SRC__\Components\Lights\DirectionalLight.h">
      <Filter>Header Files</Filter>
    </ClInclude>
    <ClInclude Include="__SRC__\Environment\GraphicsContext\Lights\LightDescriptor.h">
      <Filter>Header Files</Filter>
    </ClInclude>
    <ClInclude Include="__SRC__\Environment\GraphicsContext\Lights\LightDataBuffer.h">
      <Filter>Header Files</Filter>
    </ClInclude>
    <ClInclude Include="__SRC__\Environment\GraphicsContext\Lights\SceneLightInfo.h">
      <Filter>Header Files</Filter>
    </ClInclude>
    <ClInclude Include="__SRC__\Environment\GraphicsContext\Lights\LightTypeIdBuffer.h">
      <Filter>Header Files</Filter>
    </ClInclude>
    <ClInclude Include="__SRC__\Graphics\Data\ShaderBinaries\SPIRV_Binary.h">
      <Filter>Header Files</Filter>
    </ClInclude>
    <ClInclude Include="__SRC__\Environment\GraphicsContext\SceneObjects\GraphicsObjectDescriptor.h">
      <Filter>Header Files</Filter>
    </ClInclude>
    <ClInclude Include="__SRC__\Environment\GraphicsContext\LightingModels\LightingModel.h">
      <Filter>Header Files</Filter>
    </ClInclude>
    <ClInclude Include="__SRC__\Core\Systems\JobSystem.h">
      <Filter>Header Files</Filter>
    </ClInclude>
    <ClInclude Include="__SRC__\Graphics\Data\ShaderBinaries\ShaderResourceBindings.h">
      <Filter>Header Files</Filter>
    </ClInclude>
    <ClInclude Include="__SRC__\Graphics\Data\ShaderBinaries\ShaderClass.h">
      <Filter>Header Files</Filter>
    </ClInclude>
    <ClInclude Include="__SRC__\Environment\GraphicsContext\LightingModels\GraphicsEnvironment.h">
      <Filter>Header Files</Filter>
    </ClInclude>
    <ClInclude Include="__SRC__\Graphics\Data\ShaderBinaries\ShaderSet.h">
      <Filter>Header Files</Filter>
    </ClInclude>
    <ClInclude Include="__SRC__\Components\Camera.h">
      <Filter>Header Files</Filter>
    </ClInclude>
    <ClInclude Include="__SRC__\Environment\GraphicsContext\LightingModels\ShaderLoader.h">
      <Filter>Header Files</Filter>
    </ClInclude>
    <ClInclude Include="__SRC__\Environment\GraphicsContext\LightingModels\ForwardRendering\ForwardLightingModel.h">
      <Filter>Header Files</Filter>
    </ClInclude>
    <ClInclude Include="__SRC__\OS\Input\Input.h">
      <Filter>Header Files</Filter>
    </ClInclude>
    <ClInclude Include="__SRC__\OS\Window\GLFW\GLFW_Input.h">
      <Filter>Header Files</Filter>
    </ClInclude>
    <ClInclude Include="__SRC__\Physics\PhysX\PhysXInstance.h">
      <Filter>Header Files</Filter>
    </ClInclude>
    <ClInclude Include="__SRC__\Physics\PhysX\PhysXAPIIncludes.h">
      <Filter>Header Files</Filter>
    </ClInclude>
    <ClInclude Include="__SRC__\Physics\PhysX\PhysXScene.h">
      <Filter>Header Files</Filter>
    </ClInclude>
    <ClInclude Include="__SRC__\Physics\PhysX\PhysXStaticBody.h">
      <Filter>Header Files</Filter>
    </ClInclude>
    <ClInclude Include="__SRC__\Physics\PhysX\PhysXDynamicBody.h">
      <Filter>Header Files</Filter>
    </ClInclude>
    <ClInclude Include="__SRC__\Physics\PhysX\PhysXBody.h">
      <Filter>Header Files</Filter>
    </ClInclude>
    <ClInclude Include="__SRC__\Physics\PhysicsMaterial.h">
      <Filter>Header Files</Filter>
    </ClInclude>
    <ClInclude Include="__SRC__\Physics\PhysX\PhysXMaterial.h">
      <Filter>Header Files</Filter>
    </ClInclude>
    <ClInclude Include="__SRC__\Components\Physics\Collider.h">
      <Filter>Header Files</Filter>
    </ClInclude>
    <ClInclude Include="__SRC__\Components\Physics\SphereCollider.h">
      <Filter>Header Files</Filter>
    </ClInclude>
    <ClInclude Include="__SRC__\Components\Physics\CapsuleCollider.h">
      <Filter>Header Files</Filter>
    </ClInclude>
    <ClInclude Include="__SRC__\Components\Physics\BoxCollider.h">
      <Filter>Header Files</Filter>
    </ClInclude>
    <ClInclude Include="__SRC__\Components\Physics\Rigidbody.h">
      <Filter>Header Files</Filter>
    </ClInclude>
    <ClInclude Include="__SRC__\Components\Interfaces\PhysicsUpdaters.h">
      <Filter>Header Files</Filter>
    </ClInclude>
    <ClInclude Include="__SRC__\Environment\PhysicsContext.h">
      <Filter>Header Files</Filter>
    </ClInclude>
    <ClInclude Include="__SRC__\Core\Unused.h">
      <Filter>Header Files</Filter>
    </ClInclude>
    <ClInclude Include="__SRC__\Math\Helpers.h">
      <Filter>Header Files</Filter>
    </ClInclude>
    <ClInclude Include="__SRC__\Physics\PhysX\PhysXCollider.h">
      <Filter>Header Files</Filter>
    </ClInclude>
  </ItemGroup>
</Project>